// !$*UTF8*$!
{
	archiveVersion = 1;
	classes = {
	};
	objectVersion = 50;
	objects = {

/* Begin PBXBuildFile section */
		14F52C29F9998B69E5DE34D5 /* Pods_Zoomnotes_ZoomnotesUITests.framework in Frameworks */ = {isa = PBXBuildFile; fileRef = A5E3B737D7EA7890DED81178 /* Pods_Zoomnotes_ZoomnotesUITests.framework */; };
		3101752E24E5211D007D3589 /* AppDelegate.swift in Sources */ = {isa = PBXBuildFile; fileRef = 3101752D24E5211D007D3589 /* AppDelegate.swift */; };
		3101753024E5211D007D3589 /* SceneDelegate.swift in Sources */ = {isa = PBXBuildFile; fileRef = 3101752F24E5211D007D3589 /* SceneDelegate.swift */; };
		3101753224E5211D007D3589 /* ViewController.swift in Sources */ = {isa = PBXBuildFile; fileRef = 3101753124E5211D007D3589 /* ViewController.swift */; };
		3101753524E5211D007D3589 /* Main.storyboard in Resources */ = {isa = PBXBuildFile; fileRef = 3101753324E5211D007D3589 /* Main.storyboard */; };
		3101753824E5211D007D3589 /* Zoomnotes.xcdatamodeld in Sources */ = {isa = PBXBuildFile; fileRef = 3101753624E5211D007D3589 /* Zoomnotes.xcdatamodeld */; };
		3101753A24E5211E007D3589 /* Assets.xcassets in Resources */ = {isa = PBXBuildFile; fileRef = 3101753924E5211E007D3589 /* Assets.xcassets */; };
		3101753D24E5211E007D3589 /* LaunchScreen.storyboard in Resources */ = {isa = PBXBuildFile; fileRef = 3101753B24E5211E007D3589 /* LaunchScreen.storyboard */; };
		3101754824E5211F007D3589 /* ZoomnotesTests.swift in Sources */ = {isa = PBXBuildFile; fileRef = 3101754724E5211F007D3589 /* ZoomnotesTests.swift */; };
		3101755324E5211F007D3589 /* ZoomnotesUITests.swift in Sources */ = {isa = PBXBuildFile; fileRef = 3101755224E5211F007D3589 /* ZoomnotesUITests.swift */; };
		3101756224E52F77007D3589 /* DrawingModel.swift in Sources */ = {isa = PBXBuildFile; fileRef = 3101756124E52F77007D3589 /* DrawingModel.swift */; };
		3101756524E52FED007D3589 /* ZoomNotesNavigationController.swift in Sources */ = {isa = PBXBuildFile; fileRef = 3101756424E52FED007D3589 /* ZoomNotesNavigationController.swift */; };
		3101756824E530EB007D3589 /* UIGraphics+Closure.swift in Sources */ = {isa = PBXBuildFile; fileRef = 3101756724E530EB007D3589 /* UIGraphics+Closure.swift */; };
		3101756A24E531D1007D3589 /* NoteViewController.swift in Sources */ = {isa = PBXBuildFile; fileRef = 3101756924E531D1007D3589 /* NoteViewController.swift */; };
		3101756C24E5366A007D3589 /* NoteCollectionViewController.swift in Sources */ = {isa = PBXBuildFile; fileRef = 3101756B24E5366A007D3589 /* NoteCollectionViewController.swift */; };
		3101756F24E53778007D3589 /* NoteCollectionViewCell.swift in Sources */ = {isa = PBXBuildFile; fileRef = 3101756E24E53778007D3589 /* NoteCollectionViewCell.swift */; };
		31BF9E2C24E5906100142EBF /* NoteModel.swift in Sources */ = {isa = PBXBuildFile; fileRef = 31BF9E2B24E5906100142EBF /* NoteModel.swift */; };
		31BF9E2E24E5944A00142EBF /* CodableImage.swift in Sources */ = {isa = PBXBuildFile; fileRef = 31BF9E2D24E5944A00142EBF /* CodableImage.swift */; };
		31D6648B24EC53450062AF8D /* NoteChild.swift in Sources */ = {isa = PBXBuildFile; fileRef = 31D6648A24EC53450062AF8D /* NoteChild.swift */; };
		31D6648D24EC53890062AF8D /* NoteImage.swift in Sources */ = {isa = PBXBuildFile; fileRef = 31D6648C24EC53890062AF8D /* NoteImage.swift */; };
		F7F6F47D55BB5C37777B55B9 /* Pods_Zoomnotes.framework in Frameworks */ = {isa = PBXBuildFile; fileRef = 41CA6B1C7B18B29005E678AC /* Pods_Zoomnotes.framework */; };
		F885CBA636E12959C8D6828F /* Pods_ZoomnotesTests.framework in Frameworks */ = {isa = PBXBuildFile; fileRef = FE82804B11FC6B424862CD52 /* Pods_ZoomnotesTests.framework */; };
/* End PBXBuildFile section */

/* Begin PBXContainerItemProxy section */
		3101754424E5211F007D3589 /* PBXContainerItemProxy */ = {
			isa = PBXContainerItemProxy;
			containerPortal = 3101752224E5211D007D3589 /* Project object */;
			proxyType = 1;
			remoteGlobalIDString = 3101752924E5211D007D3589;
			remoteInfo = Zoomnotes;
		};
		3101754F24E5211F007D3589 /* PBXContainerItemProxy */ = {
			isa = PBXContainerItemProxy;
			containerPortal = 3101752224E5211D007D3589 /* Project object */;
			proxyType = 1;
			remoteGlobalIDString = 3101752924E5211D007D3589;
			remoteInfo = Zoomnotes;
		};
/* End PBXContainerItemProxy section */

/* Begin PBXFileReference section */
		3101752A24E5211D007D3589 /* Zoomnotes.app */ = {isa = PBXFileReference; explicitFileType = wrapper.application; includeInIndex = 0; path = Zoomnotes.app; sourceTree = BUILT_PRODUCTS_DIR; };
		3101752D24E5211D007D3589 /* AppDelegate.swift */ = {isa = PBXFileReference; lastKnownFileType = sourcecode.swift; path = AppDelegate.swift; sourceTree = "<group>"; };
		3101752F24E5211D007D3589 /* SceneDelegate.swift */ = {isa = PBXFileReference; lastKnownFileType = sourcecode.swift; path = SceneDelegate.swift; sourceTree = "<group>"; };
		3101753124E5211D007D3589 /* ViewController.swift */ = {isa = PBXFileReference; lastKnownFileType = sourcecode.swift; path = ViewController.swift; sourceTree = "<group>"; };
		3101753424E5211D007D3589 /* Base */ = {isa = PBXFileReference; lastKnownFileType = file.storyboard; name = Base; path = Base.lproj/Main.storyboard; sourceTree = "<group>"; };
		3101753724E5211D007D3589 /* Zoomnotes.xcdatamodel */ = {isa = PBXFileReference; lastKnownFileType = wrapper.xcdatamodel; path = Zoomnotes.xcdatamodel; sourceTree = "<group>"; };
		3101753924E5211E007D3589 /* Assets.xcassets */ = {isa = PBXFileReference; lastKnownFileType = folder.assetcatalog; path = Assets.xcassets; sourceTree = "<group>"; };
		3101753C24E5211E007D3589 /* Base */ = {isa = PBXFileReference; lastKnownFileType = file.storyboard; name = Base; path = Base.lproj/LaunchScreen.storyboard; sourceTree = "<group>"; };
		3101753E24E5211E007D3589 /* Info.plist */ = {isa = PBXFileReference; lastKnownFileType = text.plist.xml; path = Info.plist; sourceTree = "<group>"; };
		3101754324E5211F007D3589 /* ZoomnotesTests.xctest */ = {isa = PBXFileReference; explicitFileType = wrapper.cfbundle; includeInIndex = 0; path = ZoomnotesTests.xctest; sourceTree = BUILT_PRODUCTS_DIR; };
		3101754724E5211F007D3589 /* ZoomnotesTests.swift */ = {isa = PBXFileReference; lastKnownFileType = sourcecode.swift; path = ZoomnotesTests.swift; sourceTree = "<group>"; };
		3101754924E5211F007D3589 /* Info.plist */ = {isa = PBXFileReference; lastKnownFileType = text.plist.xml; path = Info.plist; sourceTree = "<group>"; };
		3101754E24E5211F007D3589 /* ZoomnotesUITests.xctest */ = {isa = PBXFileReference; explicitFileType = wrapper.cfbundle; includeInIndex = 0; path = ZoomnotesUITests.xctest; sourceTree = BUILT_PRODUCTS_DIR; };
		3101755224E5211F007D3589 /* ZoomnotesUITests.swift */ = {isa = PBXFileReference; lastKnownFileType = sourcecode.swift; path = ZoomnotesUITests.swift; sourceTree = "<group>"; };
		3101755424E5211F007D3589 /* Info.plist */ = {isa = PBXFileReference; lastKnownFileType = text.plist.xml; path = Info.plist; sourceTree = "<group>"; };
		3101756124E52F77007D3589 /* DrawingModel.swift */ = {isa = PBXFileReference; lastKnownFileType = sourcecode.swift; path = DrawingModel.swift; sourceTree = "<group>"; };
		3101756424E52FED007D3589 /* ZoomNotesNavigationController.swift */ = {isa = PBXFileReference; lastKnownFileType = sourcecode.swift; path = ZoomNotesNavigationController.swift; sourceTree = "<group>"; };
		3101756724E530EB007D3589 /* UIGraphics+Closure.swift */ = {isa = PBXFileReference; lastKnownFileType = sourcecode.swift; path = "UIGraphics+Closure.swift"; sourceTree = "<group>"; };
		3101756924E531D1007D3589 /* NoteViewController.swift */ = {isa = PBXFileReference; lastKnownFileType = sourcecode.swift; path = NoteViewController.swift; sourceTree = "<group>"; };
		3101756B24E5366A007D3589 /* NoteCollectionViewController.swift */ = {isa = PBXFileReference; lastKnownFileType = sourcecode.swift; path = NoteCollectionViewController.swift; sourceTree = "<group>"; };
		3101756E24E53778007D3589 /* NoteCollectionViewCell.swift */ = {isa = PBXFileReference; lastKnownFileType = sourcecode.swift; path = NoteCollectionViewCell.swift; sourceTree = "<group>"; };
		31BF9E2B24E5906100142EBF /* NoteModel.swift */ = {isa = PBXFileReference; lastKnownFileType = sourcecode.swift; path = NoteModel.swift; sourceTree = "<group>"; };
		31BF9E2D24E5944A00142EBF /* CodableImage.swift */ = {isa = PBXFileReference; lastKnownFileType = sourcecode.swift; path = CodableImage.swift; sourceTree = "<group>"; };
		31D6648A24EC53450062AF8D /* NoteChild.swift */ = {isa = PBXFileReference; lastKnownFileType = sourcecode.swift; path = NoteChild.swift; sourceTree = "<group>"; };
		31D6648C24EC53890062AF8D /* NoteImage.swift */ = {isa = PBXFileReference; lastKnownFileType = sourcecode.swift; path = NoteImage.swift; sourceTree = "<group>"; };
		41CA6B1C7B18B29005E678AC /* Pods_Zoomnotes.framework */ = {isa = PBXFileReference; explicitFileType = wrapper.framework; includeInIndex = 0; path = Pods_Zoomnotes.framework; sourceTree = BUILT_PRODUCTS_DIR; };
		485C114CAEE2DCFC02846656 /* Pods-ZoomnotesTests.release.xcconfig */ = {isa = PBXFileReference; includeInIndex = 1; lastKnownFileType = text.xcconfig; name = "Pods-ZoomnotesTests.release.xcconfig"; path = "Target Support Files/Pods-ZoomnotesTests/Pods-ZoomnotesTests.release.xcconfig"; sourceTree = "<group>"; };
		4E0ECA886B165C66AEA4C374 /* Pods-Zoomnotes-ZoomnotesUITests.debug.xcconfig */ = {isa = PBXFileReference; includeInIndex = 1; lastKnownFileType = text.xcconfig; name = "Pods-Zoomnotes-ZoomnotesUITests.debug.xcconfig"; path = "Target Support Files/Pods-Zoomnotes-ZoomnotesUITests/Pods-Zoomnotes-ZoomnotesUITests.debug.xcconfig"; sourceTree = "<group>"; };
		57DB1DBA447531A7C1E4CCD4 /* Pods-ZoomnotesTests.debug.xcconfig */ = {isa = PBXFileReference; includeInIndex = 1; lastKnownFileType = text.xcconfig; name = "Pods-ZoomnotesTests.debug.xcconfig"; path = "Target Support Files/Pods-ZoomnotesTests/Pods-ZoomnotesTests.debug.xcconfig"; sourceTree = "<group>"; };
		5F49899A865EFBBE65BAF712 /* Pods-Zoomnotes.release.xcconfig */ = {isa = PBXFileReference; includeInIndex = 1; lastKnownFileType = text.xcconfig; name = "Pods-Zoomnotes.release.xcconfig"; path = "Target Support Files/Pods-Zoomnotes/Pods-Zoomnotes.release.xcconfig"; sourceTree = "<group>"; };
		A5E3B737D7EA7890DED81178 /* Pods_Zoomnotes_ZoomnotesUITests.framework */ = {isa = PBXFileReference; explicitFileType = wrapper.framework; includeInIndex = 0; path = Pods_Zoomnotes_ZoomnotesUITests.framework; sourceTree = BUILT_PRODUCTS_DIR; };
		BC2B55DB6B95923E7DD8CCD4 /* Pods-Zoomnotes-ZoomnotesUITests.release.xcconfig */ = {isa = PBXFileReference; includeInIndex = 1; lastKnownFileType = text.xcconfig; name = "Pods-Zoomnotes-ZoomnotesUITests.release.xcconfig"; path = "Target Support Files/Pods-Zoomnotes-ZoomnotesUITests/Pods-Zoomnotes-ZoomnotesUITests.release.xcconfig"; sourceTree = "<group>"; };
		CA92CA7F8E2021BBDBFB0BA2 /* Pods-Zoomnotes.debug.xcconfig */ = {isa = PBXFileReference; includeInIndex = 1; lastKnownFileType = text.xcconfig; name = "Pods-Zoomnotes.debug.xcconfig"; path = "Target Support Files/Pods-Zoomnotes/Pods-Zoomnotes.debug.xcconfig"; sourceTree = "<group>"; };
		FE82804B11FC6B424862CD52 /* Pods_ZoomnotesTests.framework */ = {isa = PBXFileReference; explicitFileType = wrapper.framework; includeInIndex = 0; path = Pods_ZoomnotesTests.framework; sourceTree = BUILT_PRODUCTS_DIR; };
/* End PBXFileReference section */

/* Begin PBXFrameworksBuildPhase section */
		3101752724E5211D007D3589 /* Frameworks */ = {
			isa = PBXFrameworksBuildPhase;
			buildActionMask = 2147483647;
			files = (
				F7F6F47D55BB5C37777B55B9 /* Pods_Zoomnotes.framework in Frameworks */,
			);
			runOnlyForDeploymentPostprocessing = 0;
		};
		3101754024E5211F007D3589 /* Frameworks */ = {
			isa = PBXFrameworksBuildPhase;
			buildActionMask = 2147483647;
			files = (
				F885CBA636E12959C8D6828F /* Pods_ZoomnotesTests.framework in Frameworks */,
			);
			runOnlyForDeploymentPostprocessing = 0;
		};
		3101754B24E5211F007D3589 /* Frameworks */ = {
			isa = PBXFrameworksBuildPhase;
			buildActionMask = 2147483647;
			files = (
				14F52C29F9998B69E5DE34D5 /* Pods_Zoomnotes_ZoomnotesUITests.framework in Frameworks */,
			);
			runOnlyForDeploymentPostprocessing = 0;
		};
/* End PBXFrameworksBuildPhase section */

/* Begin PBXGroup section */
		3101752124E5211D007D3589 = {
			isa = PBXGroup;
			children = (
				3101752C24E5211D007D3589 /* Zoomnotes */,
				3101754624E5211F007D3589 /* ZoomnotesTests */,
				3101755124E5211F007D3589 /* ZoomnotesUITests */,
				3101752B24E5211D007D3589 /* Products */,
				413867CE548B7A1622A584B0 /* Pods */,
				F0FC171296CB43771DDBE564 /* Frameworks */,
			);
			sourceTree = "<group>";
		};
		3101752B24E5211D007D3589 /* Products */ = {
			isa = PBXGroup;
			children = (
				3101752A24E5211D007D3589 /* Zoomnotes.app */,
				3101754324E5211F007D3589 /* ZoomnotesTests.xctest */,
				3101754E24E5211F007D3589 /* ZoomnotesUITests.xctest */,
			);
			name = Products;
			sourceTree = "<group>";
		};
		3101752C24E5211D007D3589 /* Zoomnotes */ = {
			isa = PBXGroup;
			children = (
				3101756924E531D1007D3589 /* NoteViewController.swift */,
				3101756624E530D1007D3589 /* Components */,
				3101756324E52FDE007D3589 /* Utils */,
				3101756024E52F6B007D3589 /* Model */,
				3101752D24E5211D007D3589 /* AppDelegate.swift */,
				3101752F24E5211D007D3589 /* SceneDelegate.swift */,
				3101753124E5211D007D3589 /* ViewController.swift */,
				3101753324E5211D007D3589 /* Main.storyboard */,
				3101753924E5211E007D3589 /* Assets.xcassets */,
				3101753B24E5211E007D3589 /* LaunchScreen.storyboard */,
				3101753E24E5211E007D3589 /* Info.plist */,
				3101753624E5211D007D3589 /* Zoomnotes.xcdatamodeld */,
			);
			path = Zoomnotes;
			sourceTree = "<group>";
		};
		3101754624E5211F007D3589 /* ZoomnotesTests */ = {
			isa = PBXGroup;
			children = (
				3101754724E5211F007D3589 /* ZoomnotesTests.swift */,
				3101754924E5211F007D3589 /* Info.plist */,
			);
			path = ZoomnotesTests;
			sourceTree = "<group>";
		};
		3101755124E5211F007D3589 /* ZoomnotesUITests */ = {
			isa = PBXGroup;
			children = (
				3101755224E5211F007D3589 /* ZoomnotesUITests.swift */,
				3101755424E5211F007D3589 /* Info.plist */,
			);
			path = ZoomnotesUITests;
			sourceTree = "<group>";
		};
		3101756024E52F6B007D3589 /* Model */ = {
			isa = PBXGroup;
			children = (
				3101756124E52F77007D3589 /* DrawingModel.swift */,
				31BF9E2B24E5906100142EBF /* NoteModel.swift */,
				31D6648A24EC53450062AF8D /* NoteChild.swift */,
				31D6648C24EC53890062AF8D /* NoteImage.swift */,
			);
			path = Model;
			sourceTree = "<group>";
		};
		3101756324E52FDE007D3589 /* Utils */ = {
			isa = PBXGroup;
			children = (
				3101756724E530EB007D3589 /* UIGraphics+Closure.swift */,
				31BF9E2D24E5944A00142EBF /* CodableImage.swift */,
			);
			path = Utils;
			sourceTree = "<group>";
		};
		3101756624E530D1007D3589 /* Components */ = {
			isa = PBXGroup;
			children = (
				3101756D24E53766007D3589 /* NoteCollectionView */,
				3101756424E52FED007D3589 /* ZoomNotesNavigationController.swift */,
			);
			path = Components;
			sourceTree = "<group>";
		};
		3101756D24E53766007D3589 /* NoteCollectionView */ = {
			isa = PBXGroup;
			children = (
				3101756B24E5366A007D3589 /* NoteCollectionViewController.swift */,
				3101756E24E53778007D3589 /* NoteCollectionViewCell.swift */,
			);
			path = NoteCollectionView;
			sourceTree = "<group>";
		};
		413867CE548B7A1622A584B0 /* Pods */ = {
			isa = PBXGroup;
			children = (
				CA92CA7F8E2021BBDBFB0BA2 /* Pods-Zoomnotes.debug.xcconfig */,
				5F49899A865EFBBE65BAF712 /* Pods-Zoomnotes.release.xcconfig */,
				4E0ECA886B165C66AEA4C374 /* Pods-Zoomnotes-ZoomnotesUITests.debug.xcconfig */,
				BC2B55DB6B95923E7DD8CCD4 /* Pods-Zoomnotes-ZoomnotesUITests.release.xcconfig */,
				57DB1DBA447531A7C1E4CCD4 /* Pods-ZoomnotesTests.debug.xcconfig */,
				485C114CAEE2DCFC02846656 /* Pods-ZoomnotesTests.release.xcconfig */,
			);
			path = Pods;
			sourceTree = "<group>";
		};
		F0FC171296CB43771DDBE564 /* Frameworks */ = {
			isa = PBXGroup;
			children = (
				41CA6B1C7B18B29005E678AC /* Pods_Zoomnotes.framework */,
				A5E3B737D7EA7890DED81178 /* Pods_Zoomnotes_ZoomnotesUITests.framework */,
				FE82804B11FC6B424862CD52 /* Pods_ZoomnotesTests.framework */,
			);
			name = Frameworks;
			sourceTree = "<group>";
		};
/* End PBXGroup section */

/* Begin PBXNativeTarget section */
		3101752924E5211D007D3589 /* Zoomnotes */ = {
			isa = PBXNativeTarget;
			buildConfigurationList = 3101755724E5211F007D3589 /* Build configuration list for PBXNativeTarget "Zoomnotes" */;
			buildPhases = (
				FA55D72B0D0050F893EA56B8 /* [CP] Check Pods Manifest.lock */,
				3101752624E5211D007D3589 /* Sources */,
				3101752724E5211D007D3589 /* Frameworks */,
				3101752824E5211D007D3589 /* Resources */,
			);
			buildRules = (
			);
			dependencies = (
			);
			name = Zoomnotes;
			productName = Zoomnotes;
			productReference = 3101752A24E5211D007D3589 /* Zoomnotes.app */;
			productType = "com.apple.product-type.application";
		};
		3101754224E5211F007D3589 /* ZoomnotesTests */ = {
			isa = PBXNativeTarget;
			buildConfigurationList = 3101755A24E5211F007D3589 /* Build configuration list for PBXNativeTarget "ZoomnotesTests" */;
			buildPhases = (
				9D401D5CD8BC239DF3A656BD /* [CP] Check Pods Manifest.lock */,
				3101753F24E5211F007D3589 /* Sources */,
				3101754024E5211F007D3589 /* Frameworks */,
				3101754124E5211F007D3589 /* Resources */,
			);
			buildRules = (
			);
			dependencies = (
				3101754524E5211F007D3589 /* PBXTargetDependency */,
			);
			name = ZoomnotesTests;
			productName = ZoomnotesTests;
			productReference = 3101754324E5211F007D3589 /* ZoomnotesTests.xctest */;
			productType = "com.apple.product-type.bundle.unit-test";
		};
		3101754D24E5211F007D3589 /* ZoomnotesUITests */ = {
			isa = PBXNativeTarget;
			buildConfigurationList = 3101755D24E5211F007D3589 /* Build configuration list for PBXNativeTarget "ZoomnotesUITests" */;
			buildPhases = (
				71A2A4F3BAA625C4AEFCFB25 /* [CP] Check Pods Manifest.lock */,
				3101754A24E5211F007D3589 /* Sources */,
				3101754B24E5211F007D3589 /* Frameworks */,
				3101754C24E5211F007D3589 /* Resources */,
			);
			buildRules = (
			);
			dependencies = (
				3101755024E5211F007D3589 /* PBXTargetDependency */,
			);
			name = ZoomnotesUITests;
			productName = ZoomnotesUITests;
			productReference = 3101754E24E5211F007D3589 /* ZoomnotesUITests.xctest */;
			productType = "com.apple.product-type.bundle.ui-testing";
		};
/* End PBXNativeTarget section */

/* Begin PBXProject section */
		3101752224E5211D007D3589 /* Project object */ = {
			isa = PBXProject;
			attributes = {
				LastSwiftUpdateCheck = 1150;
				LastUpgradeCheck = 1150;
				ORGANIZATIONNAME = Berci;
				TargetAttributes = {
					3101752924E5211D007D3589 = {
						CreatedOnToolsVersion = 11.5;
					};
					3101754224E5211F007D3589 = {
						CreatedOnToolsVersion = 11.5;
						TestTargetID = 3101752924E5211D007D3589;
					};
					3101754D24E5211F007D3589 = {
						CreatedOnToolsVersion = 11.5;
						TestTargetID = 3101752924E5211D007D3589;
					};
				};
			};
			buildConfigurationList = 3101752524E5211D007D3589 /* Build configuration list for PBXProject "Zoomnotes" */;
			compatibilityVersion = "Xcode 9.3";
			developmentRegion = en;
			hasScannedForEncodings = 0;
			knownRegions = (
				en,
				Base,
			);
			mainGroup = 3101752124E5211D007D3589;
			productRefGroup = 3101752B24E5211D007D3589 /* Products */;
			projectDirPath = "";
			projectRoot = "";
			targets = (
				3101752924E5211D007D3589 /* Zoomnotes */,
				3101754224E5211F007D3589 /* ZoomnotesTests */,
				3101754D24E5211F007D3589 /* ZoomnotesUITests */,
			);
		};
/* End PBXProject section */

/* Begin PBXResourcesBuildPhase section */
		3101752824E5211D007D3589 /* Resources */ = {
			isa = PBXResourcesBuildPhase;
			buildActionMask = 2147483647;
			files = (
				3101753D24E5211E007D3589 /* LaunchScreen.storyboard in Resources */,
				3101753A24E5211E007D3589 /* Assets.xcassets in Resources */,
				3101753524E5211D007D3589 /* Main.storyboard in Resources */,
			);
			runOnlyForDeploymentPostprocessing = 0;
		};
		3101754124E5211F007D3589 /* Resources */ = {
			isa = PBXResourcesBuildPhase;
			buildActionMask = 2147483647;
			files = (
			);
			runOnlyForDeploymentPostprocessing = 0;
		};
		3101754C24E5211F007D3589 /* Resources */ = {
			isa = PBXResourcesBuildPhase;
			buildActionMask = 2147483647;
			files = (
			);
			runOnlyForDeploymentPostprocessing = 0;
		};
/* End PBXResourcesBuildPhase section */

/* Begin PBXShellScriptBuildPhase section */
		71A2A4F3BAA625C4AEFCFB25 /* [CP] Check Pods Manifest.lock */ = {
			isa = PBXShellScriptBuildPhase;
			buildActionMask = 2147483647;
			files = (
			);
			inputFileListPaths = (
			);
			inputPaths = (
				"${PODS_PODFILE_DIR_PATH}/Podfile.lock",
				"${PODS_ROOT}/Manifest.lock",
			);
			name = "[CP] Check Pods Manifest.lock";
			outputFileListPaths = (
			);
			outputPaths = (
				"$(DERIVED_FILE_DIR)/Pods-Zoomnotes-ZoomnotesUITests-checkManifestLockResult.txt",
			);
			runOnlyForDeploymentPostprocessing = 0;
			shellPath = /bin/sh;
			shellScript = "diff \"${PODS_PODFILE_DIR_PATH}/Podfile.lock\" \"${PODS_ROOT}/Manifest.lock\" > /dev/null\nif [ $? != 0 ] ; then\n    # print error to STDERR\n    echo \"error: The sandbox is not in sync with the Podfile.lock. Run 'pod install' or update your CocoaPods installation.\" >&2\n    exit 1\nfi\n# This output is used by Xcode 'outputs' to avoid re-running this script phase.\necho \"SUCCESS\" > \"${SCRIPT_OUTPUT_FILE_0}\"\n";
			showEnvVarsInLog = 0;
		};
		9D401D5CD8BC239DF3A656BD /* [CP] Check Pods Manifest.lock */ = {
			isa = PBXShellScriptBuildPhase;
			buildActionMask = 2147483647;
			files = (
			);
			inputFileListPaths = (
			);
			inputPaths = (
				"${PODS_PODFILE_DIR_PATH}/Podfile.lock",
				"${PODS_ROOT}/Manifest.lock",
			);
			name = "[CP] Check Pods Manifest.lock";
			outputFileListPaths = (
			);
			outputPaths = (
				"$(DERIVED_FILE_DIR)/Pods-ZoomnotesTests-checkManifestLockResult.txt",
			);
			runOnlyForDeploymentPostprocessing = 0;
			shellPath = /bin/sh;
			shellScript = "diff \"${PODS_PODFILE_DIR_PATH}/Podfile.lock\" \"${PODS_ROOT}/Manifest.lock\" > /dev/null\nif [ $? != 0 ] ; then\n    # print error to STDERR\n    echo \"error: The sandbox is not in sync with the Podfile.lock. Run 'pod install' or update your CocoaPods installation.\" >&2\n    exit 1\nfi\n# This output is used by Xcode 'outputs' to avoid re-running this script phase.\necho \"SUCCESS\" > \"${SCRIPT_OUTPUT_FILE_0}\"\n";
			showEnvVarsInLog = 0;
		};
		FA55D72B0D0050F893EA56B8 /* [CP] Check Pods Manifest.lock */ = {
			isa = PBXShellScriptBuildPhase;
			buildActionMask = 2147483647;
			files = (
			);
			inputFileListPaths = (
			);
			inputPaths = (
				"${PODS_PODFILE_DIR_PATH}/Podfile.lock",
				"${PODS_ROOT}/Manifest.lock",
			);
			name = "[CP] Check Pods Manifest.lock";
			outputFileListPaths = (
			);
			outputPaths = (
				"$(DERIVED_FILE_DIR)/Pods-Zoomnotes-checkManifestLockResult.txt",
			);
			runOnlyForDeploymentPostprocessing = 0;
			shellPath = /bin/sh;
			shellScript = "diff \"${PODS_PODFILE_DIR_PATH}/Podfile.lock\" \"${PODS_ROOT}/Manifest.lock\" > /dev/null\nif [ $? != 0 ] ; then\n    # print error to STDERR\n    echo \"error: The sandbox is not in sync with the Podfile.lock. Run 'pod install' or update your CocoaPods installation.\" >&2\n    exit 1\nfi\n# This output is used by Xcode 'outputs' to avoid re-running this script phase.\necho \"SUCCESS\" > \"${SCRIPT_OUTPUT_FILE_0}\"\n";
			showEnvVarsInLog = 0;
		};
/* End PBXShellScriptBuildPhase section */

/* Begin PBXSourcesBuildPhase section */
		3101752624E5211D007D3589 /* Sources */ = {
			isa = PBXSourcesBuildPhase;
			buildActionMask = 2147483647;
			files = (
				3101756A24E531D1007D3589 /* NoteViewController.swift in Sources */,
				3101756824E530EB007D3589 /* UIGraphics+Closure.swift in Sources */,
				31D6648B24EC53450062AF8D /* NoteChild.swift in Sources */,
				3101756F24E53778007D3589 /* NoteCollectionViewCell.swift in Sources */,
				3101753824E5211D007D3589 /* Zoomnotes.xcdatamodeld in Sources */,
				31D6648D24EC53890062AF8D /* NoteImage.swift in Sources */,
				3101753224E5211D007D3589 /* ViewController.swift in Sources */,
				3101756524E52FED007D3589 /* ZoomNotesNavigationController.swift in Sources */,
				31BF9E2E24E5944A00142EBF /* CodableImage.swift in Sources */,
				3101756224E52F77007D3589 /* DrawingModel.swift in Sources */,
				31BF9E2C24E5906100142EBF /* NoteModel.swift in Sources */,
				3101752E24E5211D007D3589 /* AppDelegate.swift in Sources */,
				3101753024E5211D007D3589 /* SceneDelegate.swift in Sources */,
				3101756C24E5366A007D3589 /* NoteCollectionViewController.swift in Sources */,
			);
			runOnlyForDeploymentPostprocessing = 0;
		};
		3101753F24E5211F007D3589 /* Sources */ = {
			isa = PBXSourcesBuildPhase;
			buildActionMask = 2147483647;
			files = (
				3101754824E5211F007D3589 /* ZoomnotesTests.swift in Sources */,
			);
			runOnlyForDeploymentPostprocessing = 0;
		};
		3101754A24E5211F007D3589 /* Sources */ = {
			isa = PBXSourcesBuildPhase;
			buildActionMask = 2147483647;
			files = (
				3101755324E5211F007D3589 /* ZoomnotesUITests.swift in Sources */,
			);
			runOnlyForDeploymentPostprocessing = 0;
		};
/* End PBXSourcesBuildPhase section */

/* Begin PBXTargetDependency section */
		3101754524E5211F007D3589 /* PBXTargetDependency */ = {
			isa = PBXTargetDependency;
			target = 3101752924E5211D007D3589 /* Zoomnotes */;
			targetProxy = 3101754424E5211F007D3589 /* PBXContainerItemProxy */;
		};
		3101755024E5211F007D3589 /* PBXTargetDependency */ = {
			isa = PBXTargetDependency;
			target = 3101752924E5211D007D3589 /* Zoomnotes */;
			targetProxy = 3101754F24E5211F007D3589 /* PBXContainerItemProxy */;
		};
/* End PBXTargetDependency section */

/* Begin PBXVariantGroup section */
		3101753324E5211D007D3589 /* Main.storyboard */ = {
			isa = PBXVariantGroup;
			children = (
				3101753424E5211D007D3589 /* Base */,
			);
			name = Main.storyboard;
			sourceTree = "<group>";
		};
		3101753B24E5211E007D3589 /* LaunchScreen.storyboard */ = {
			isa = PBXVariantGroup;
			children = (
				3101753C24E5211E007D3589 /* Base */,
			);
			name = LaunchScreen.storyboard;
			sourceTree = "<group>";
		};
/* End PBXVariantGroup section */

/* Begin XCBuildConfiguration section */
		3101755524E5211F007D3589 /* Debug */ = {
			isa = XCBuildConfiguration;
			buildSettings = {
				ALWAYS_SEARCH_USER_PATHS = NO;
				CLANG_ANALYZER_NONNULL = YES;
				CLANG_ANALYZER_NUMBER_OBJECT_CONVERSION = YES_AGGRESSIVE;
				CLANG_CXX_LANGUAGE_STANDARD = "gnu++14";
				CLANG_CXX_LIBRARY = "libc++";
				CLANG_ENABLE_MODULES = YES;
				CLANG_ENABLE_OBJC_ARC = YES;
				CLANG_ENABLE_OBJC_WEAK = YES;
				CLANG_WARN_BLOCK_CAPTURE_AUTORELEASING = YES;
				CLANG_WARN_BOOL_CONVERSION = YES;
				CLANG_WARN_COMMA = YES;
				CLANG_WARN_CONSTANT_CONVERSION = YES;
				CLANG_WARN_DEPRECATED_OBJC_IMPLEMENTATIONS = YES;
				CLANG_WARN_DIRECT_OBJC_ISA_USAGE = YES_ERROR;
				CLANG_WARN_DOCUMENTATION_COMMENTS = YES;
				CLANG_WARN_EMPTY_BODY = YES;
				CLANG_WARN_ENUM_CONVERSION = YES;
				CLANG_WARN_INFINITE_RECURSION = YES;
				CLANG_WARN_INT_CONVERSION = YES;
				CLANG_WARN_NON_LITERAL_NULL_CONVERSION = YES;
				CLANG_WARN_OBJC_IMPLICIT_RETAIN_SELF = YES;
				CLANG_WARN_OBJC_LITERAL_CONVERSION = YES;
				CLANG_WARN_OBJC_ROOT_CLASS = YES_ERROR;
				CLANG_WARN_RANGE_LOOP_ANALYSIS = YES;
				CLANG_WARN_STRICT_PROTOTYPES = YES;
				CLANG_WARN_SUSPICIOUS_MOVE = YES;
				CLANG_WARN_UNGUARDED_AVAILABILITY = YES_AGGRESSIVE;
				CLANG_WARN_UNREACHABLE_CODE = YES;
				CLANG_WARN__DUPLICATE_METHOD_MATCH = YES;
				COPY_PHASE_STRIP = NO;
				DEBUG_INFORMATION_FORMAT = dwarf;
				ENABLE_STRICT_OBJC_MSGSEND = YES;
				ENABLE_TESTABILITY = YES;
				GCC_C_LANGUAGE_STANDARD = gnu11;
				GCC_DYNAMIC_NO_PIC = NO;
				GCC_NO_COMMON_BLOCKS = YES;
				GCC_OPTIMIZATION_LEVEL = 0;
				GCC_PREPROCESSOR_DEFINITIONS = (
					"DEBUG=1",
					"$(inherited)",
				);
				GCC_WARN_64_TO_32_BIT_CONVERSION = YES;
				GCC_WARN_ABOUT_RETURN_TYPE = YES_ERROR;
				GCC_WARN_UNDECLARED_SELECTOR = YES;
				GCC_WARN_UNINITIALIZED_AUTOS = YES_AGGRESSIVE;
				GCC_WARN_UNUSED_FUNCTION = YES;
				GCC_WARN_UNUSED_VARIABLE = YES;
				IPHONEOS_DEPLOYMENT_TARGET = 13.5;
				MTL_ENABLE_DEBUG_INFO = INCLUDE_SOURCE;
				MTL_FAST_MATH = YES;
				ONLY_ACTIVE_ARCH = YES;
				SDKROOT = iphoneos;
				SWIFT_ACTIVE_COMPILATION_CONDITIONS = DEBUG;
				SWIFT_OPTIMIZATION_LEVEL = "-Onone";
			};
			name = Debug;
		};
		3101755624E5211F007D3589 /* Release */ = {
			isa = XCBuildConfiguration;
			buildSettings = {
				ALWAYS_SEARCH_USER_PATHS = NO;
				CLANG_ANALYZER_NONNULL = YES;
				CLANG_ANALYZER_NUMBER_OBJECT_CONVERSION = YES_AGGRESSIVE;
				CLANG_CXX_LANGUAGE_STANDARD = "gnu++14";
				CLANG_CXX_LIBRARY = "libc++";
				CLANG_ENABLE_MODULES = YES;
				CLANG_ENABLE_OBJC_ARC = YES;
				CLANG_ENABLE_OBJC_WEAK = YES;
				CLANG_WARN_BLOCK_CAPTURE_AUTORELEASING = YES;
				CLANG_WARN_BOOL_CONVERSION = YES;
				CLANG_WARN_COMMA = YES;
				CLANG_WARN_CONSTANT_CONVERSION = YES;
				CLANG_WARN_DEPRECATED_OBJC_IMPLEMENTATIONS = YES;
				CLANG_WARN_DIRECT_OBJC_ISA_USAGE = YES_ERROR;
				CLANG_WARN_DOCUMENTATION_COMMENTS = YES;
				CLANG_WARN_EMPTY_BODY = YES;
				CLANG_WARN_ENUM_CONVERSION = YES;
				CLANG_WARN_INFINITE_RECURSION = YES;
				CLANG_WARN_INT_CONVERSION = YES;
				CLANG_WARN_NON_LITERAL_NULL_CONVERSION = YES;
				CLANG_WARN_OBJC_IMPLICIT_RETAIN_SELF = YES;
				CLANG_WARN_OBJC_LITERAL_CONVERSION = YES;
				CLANG_WARN_OBJC_ROOT_CLASS = YES_ERROR;
				CLANG_WARN_RANGE_LOOP_ANALYSIS = YES;
				CLANG_WARN_STRICT_PROTOTYPES = YES;
				CLANG_WARN_SUSPICIOUS_MOVE = YES;
				CLANG_WARN_UNGUARDED_AVAILABILITY = YES_AGGRESSIVE;
				CLANG_WARN_UNREACHABLE_CODE = YES;
				CLANG_WARN__DUPLICATE_METHOD_MATCH = YES;
				COPY_PHASE_STRIP = NO;
				DEBUG_INFORMATION_FORMAT = "dwarf-with-dsym";
				ENABLE_NS_ASSERTIONS = NO;
				ENABLE_STRICT_OBJC_MSGSEND = YES;
				GCC_C_LANGUAGE_STANDARD = gnu11;
				GCC_NO_COMMON_BLOCKS = YES;
				GCC_WARN_64_TO_32_BIT_CONVERSION = YES;
				GCC_WARN_ABOUT_RETURN_TYPE = YES_ERROR;
				GCC_WARN_UNDECLARED_SELECTOR = YES;
				GCC_WARN_UNINITIALIZED_AUTOS = YES_AGGRESSIVE;
				GCC_WARN_UNUSED_FUNCTION = YES;
				GCC_WARN_UNUSED_VARIABLE = YES;
				IPHONEOS_DEPLOYMENT_TARGET = 13.5;
				MTL_ENABLE_DEBUG_INFO = NO;
				MTL_FAST_MATH = YES;
				SDKROOT = iphoneos;
				SWIFT_COMPILATION_MODE = wholemodule;
				SWIFT_OPTIMIZATION_LEVEL = "-O";
				VALIDATE_PRODUCT = YES;
			};
			name = Release;
		};
		3101755824E5211F007D3589 /* Debug */ = {
			isa = XCBuildConfiguration;
			baseConfigurationReference = CA92CA7F8E2021BBDBFB0BA2 /* Pods-Zoomnotes.debug.xcconfig */;
			buildSettings = {
				ASSETCATALOG_COMPILER_APPICON_NAME = AppIcon;
				CODE_SIGN_STYLE = Automatic;
				DEVELOPMENT_TEAM = P582S266YB;
				INFOPLIST_FILE = Zoomnotes/Info.plist;
				LD_RUNPATH_SEARCH_PATHS = (
					"$(inherited)",
					"@executable_path/Frameworks",
				);
				PRODUCT_BUNDLE_IDENTIFIER = bercis.ideas.Zoomnotes;
				PRODUCT_NAME = "$(TARGET_NAME)";
				SWIFT_VERSION = 5.0;
				TARGETED_DEVICE_FAMILY = 2;
			};
			name = Debug;
		};
		3101755924E5211F007D3589 /* Release */ = {
			isa = XCBuildConfiguration;
			baseConfigurationReference = 5F49899A865EFBBE65BAF712 /* Pods-Zoomnotes.release.xcconfig */;
			buildSettings = {
				ASSETCATALOG_COMPILER_APPICON_NAME = AppIcon;
				CODE_SIGN_STYLE = Automatic;
				DEVELOPMENT_TEAM = P582S266YB;
				INFOPLIST_FILE = Zoomnotes/Info.plist;
				LD_RUNPATH_SEARCH_PATHS = (
					"$(inherited)",
					"@executable_path/Frameworks",
				);
				PRODUCT_BUNDLE_IDENTIFIER = bercis.ideas.Zoomnotes;
				PRODUCT_NAME = "$(TARGET_NAME)";
				SWIFT_VERSION = 5.0;
				TARGETED_DEVICE_FAMILY = 2;
			};
			name = Release;
		};
		3101755B24E5211F007D3589 /* Debug */ = {
			isa = XCBuildConfiguration;
			baseConfigurationReference = 57DB1DBA447531A7C1E4CCD4 /* Pods-ZoomnotesTests.debug.xcconfig */;
			buildSettings = {
				ALWAYS_EMBED_SWIFT_STANDARD_LIBRARIES = YES;
				BUNDLE_LOADER = "$(TEST_HOST)";
				CODE_SIGN_STYLE = Automatic;
				DEVELOPMENT_TEAM = P582S266YB;
				INFOPLIST_FILE = ZoomnotesTests/Info.plist;
				IPHONEOS_DEPLOYMENT_TARGET = 13.5;
				LD_RUNPATH_SEARCH_PATHS = (
					"$(inherited)",
					"@executable_path/Frameworks",
					"@loader_path/Frameworks",
				);
				PRODUCT_BUNDLE_IDENTIFIER = bercis.ideas.ZoomnotesTests;
				PRODUCT_NAME = "$(TARGET_NAME)";
				SWIFT_VERSION = 5.0;
				TARGETED_DEVICE_FAMILY = "1,2";
				TEST_HOST = "$(BUILT_PRODUCTS_DIR)/Zoomnotes.app/Zoomnotes";
			};
			name = Debug;
		};
		3101755C24E5211F007D3589 /* Release */ = {
			isa = XCBuildConfiguration;
			baseConfigurationReference = 485C114CAEE2DCFC02846656 /* Pods-ZoomnotesTests.release.xcconfig */;
			buildSettings = {
				ALWAYS_EMBED_SWIFT_STANDARD_LIBRARIES = YES;
				BUNDLE_LOADER = "$(TEST_HOST)";
				CODE_SIGN_STYLE = Automatic;
				DEVELOPMENT_TEAM = P582S266YB;
				INFOPLIST_FILE = ZoomnotesTests/Info.plist;
				IPHONEOS_DEPLOYMENT_TARGET = 13.5;
				LD_RUNPATH_SEARCH_PATHS = (
					"$(inherited)",
					"@executable_path/Frameworks",
					"@loader_path/Frameworks",
				);
				PRODUCT_BUNDLE_IDENTIFIER = bercis.ideas.ZoomnotesTests;
				PRODUCT_NAME = "$(TARGET_NAME)";
				SWIFT_VERSION = 5.0;
				TARGETED_DEVICE_FAMILY = "1,2";
				TEST_HOST = "$(BUILT_PRODUCTS_DIR)/Zoomnotes.app/Zoomnotes";
			};
			name = Release;
		};
		3101755E24E5211F007D3589 /* Debug */ = {
			isa = XCBuildConfiguration;
			baseConfigurationReference = 4E0ECA886B165C66AEA4C374 /* Pods-Zoomnotes-ZoomnotesUITests.debug.xcconfig */;
			buildSettings = {
				ALWAYS_EMBED_SWIFT_STANDARD_LIBRARIES = YES;
				CODE_SIGN_STYLE = Automatic;
				DEVELOPMENT_TEAM = P582S266YB;
				INFOPLIST_FILE = ZoomnotesUITests/Info.plist;
				LD_RUNPATH_SEARCH_PATHS = (
					"$(inherited)",
					"@executable_path/Frameworks",
					"@loader_path/Frameworks",
				);
				PRODUCT_BUNDLE_IDENTIFIER = bercis.ideas.ZoomnotesUITests;
				PRODUCT_NAME = "$(TARGET_NAME)";
				SWIFT_VERSION = 5.0;
				TARGETED_DEVICE_FAMILY = "1,2";
				TEST_TARGET_NAME = Zoomnotes;
			};
			name = Debug;
		};
		3101755F24E5211F007D3589 /* Release */ = {
			isa = XCBuildConfiguration;
			baseConfigurationReference = BC2B55DB6B95923E7DD8CCD4 /* Pods-Zoomnotes-ZoomnotesUITests.release.xcconfig */;
			buildSettings = {
				ALWAYS_EMBED_SWIFT_STANDARD_LIBRARIES = YES;
				CODE_SIGN_STYLE = Automatic;
				DEVELOPMENT_TEAM = P582S266YB;
				INFOPLIST_FILE = ZoomnotesUITests/Info.plist;
				LD_RUNPATH_SEARCH_PATHS = (
					"$(inherited)",
					"@executable_path/Frameworks",
					"@loader_path/Frameworks",
				);
				PRODUCT_BUNDLE_IDENTIFIER = bercis.ideas.ZoomnotesUITests;
				PRODUCT_NAME = "$(TARGET_NAME)";
				SWIFT_VERSION = 5.0;
				TARGETED_DEVICE_FAMILY = "1,2";
				TEST_TARGET_NAME = Zoomnotes;
			};
			name = Release;
		};
/* End XCBuildConfiguration section */

/* Begin XCConfigurationList section */
		3101752524E5211D007D3589 /* Build configuration list for PBXProject "Zoomnotes" */ = {
			isa = XCConfigurationList;
			buildConfigurations = (
				3101755524E5211F007D3589 /* Debug */,
				3101755624E5211F007D3589 /* Release */,
			);
			defaultConfigurationIsVisible = 0;
			defaultConfigurationName = Release;
		};
		3101755724E5211F007D3589 /* Build configuration list for PBXNativeTarget "Zoomnotes" */ = {
			isa = XCConfigurationList;
			buildConfigurations = (
				3101755824E5211F007D3589 /* Debug */,
				3101755924E5211F007D3589 /* Release */,
			);
			defaultConfigurationIsVisible = 0;
			defaultConfigurationName = Release;
		};
		3101755A24E5211F007D3589 /* Build configuration list for PBXNativeTarget "ZoomnotesTests" */ = {
			isa = XCConfigurationList;
			buildConfigurations = (
				3101755B24E5211F007D3589 /* Debug */,
				3101755C24E5211F007D3589 /* Release */,
			);
			defaultConfigurationIsVisible = 0;
			defaultConfigurationName = Release;
		};
		3101755D24E5211F007D3589 /* Build configuration list for PBXNativeTarget "ZoomnotesUITests" */ = {
			isa = XCConfigurationList;
			buildConfigurations = (
				3101755E24E5211F007D3589 /* Debug */,
				3101755F24E5211F007D3589 /* Release */,
			);
			defaultConfigurationIsVisible = 0;
			defaultConfigurationName = Release;
		};
/* End XCConfigurationList section */

/* Begin XCVersionGroup section */
		3101753624E5211D007D3589 /* Zoomnotes.xcdatamodeld */ = {
			isa = XCVersionGroup;
			children = (
				3101753724E5211D007D3589 /* Zoomnotes.xcdatamodel */,
			);
			currentVersion = 3101753724E5211D007D3589 /* Zoomnotes.xcdatamodel */;
			path = Zoomnotes.xcdatamodeld;
			sourceTree = "<group>";
			versionGroupType = wrapper.xcdatamodel;
		};
/* End XCVersionGroup section */
	};
	rootObject = 3101752224E5211D007D3589 /* Project object */;
}
