// !$*UTF8*$!
{
	archiveVersion = 1;
	classes = {
	};
	objectVersion = 51;
	objects = {

/* Begin PBXBuildFile section */
		14F52C29F9998B69E5DE34D5 /* Pods_Zoomnotes_ZoomnotesUITests.framework in Frameworks */ = {isa = PBXBuildFile; fileRef = A5E3B737D7EA7890DED81178 /* Pods_Zoomnotes_ZoomnotesUITests.framework */; };
		3101752E24E5211D007D3589 /* AppDelegate.swift in Sources */ = {isa = PBXBuildFile; fileRef = 3101752D24E5211D007D3589 /* AppDelegate.swift */; };
		3101753024E5211D007D3589 /* SceneDelegate.swift in Sources */ = {isa = PBXBuildFile; fileRef = 3101752F24E5211D007D3589 /* SceneDelegate.swift */; };
		3101753524E5211D007D3589 /* Main.storyboard in Resources */ = {isa = PBXBuildFile; fileRef = 3101753324E5211D007D3589 /* Main.storyboard */; };
		3101753824E5211D007D3589 /* Zoomnotes.xcdatamodeld in Sources */ = {isa = PBXBuildFile; fileRef = 3101753624E5211D007D3589 /* Zoomnotes.xcdatamodeld */; };
		3101753A24E5211E007D3589 /* Assets.xcassets in Resources */ = {isa = PBXBuildFile; fileRef = 3101753924E5211E007D3589 /* Assets.xcassets */; };
		3101753D24E5211E007D3589 /* LaunchScreen.storyboard in Resources */ = {isa = PBXBuildFile; fileRef = 3101753B24E5211E007D3589 /* LaunchScreen.storyboard */; };
		3101754824E5211F007D3589 /* ZoomnotesTests.swift in Sources */ = {isa = PBXBuildFile; fileRef = 3101754724E5211F007D3589 /* ZoomnotesTests.swift */; };
		3101755324E5211F007D3589 /* ZoomnotesUITests.swift in Sources */ = {isa = PBXBuildFile; fileRef = 3101755224E5211F007D3589 /* ZoomnotesUITests.swift */; };
		3101756524E52FED007D3589 /* ZoomNotesNavigationController.swift in Sources */ = {isa = PBXBuildFile; fileRef = 3101756424E52FED007D3589 /* ZoomNotesNavigationController.swift */; };
		3101756A24E531D1007D3589 /* NoteViewController.swift in Sources */ = {isa = PBXBuildFile; fileRef = 3101756924E531D1007D3589 /* NoteViewController.swift */; };
		31074D6E251D1B4A00F8A11D /* FileBrowserViewModel+Node.swift in Sources */ = {isa = PBXBuildFile; fileRef = 31074D6D251D1B4A00F8A11D /* FileBrowserViewModel+Node.swift */; };
		31074D70251E144B00F8A11D /* StoreBuilder.swift in Sources */ = {isa = PBXBuildFile; fileRef = 31074D6F251E144B00F8A11D /* StoreBuilder.swift */; };
		31074D72251E293F00F8A11D /* FileBrowserViewModel+stub.swift in Sources */ = {isa = PBXBuildFile; fileRef = 31074D71251E293F00F8A11D /* FileBrowserViewModel+stub.swift */; };
		31074D7A251E2BA400F8A11D /* DirectoryAccessMock.swift in Sources */ = {isa = PBXBuildFile; fileRef = 31074D79251E2BA400F8A11D /* DirectoryAccessMock.swift */; };
		310A5C6D24F40A44006394A0 /* ZNPanGestureRecognizer.swift in Sources */ = {isa = PBXBuildFile; fileRef = 310A5C6C24F40A44006394A0 /* ZNPanGestureRecognizer.swift */; };
		310A5C6F24F411F1006394A0 /* UIImage.swift in Sources */ = {isa = PBXBuildFile; fileRef = 310A5C6E24F411F1006394A0 /* UIImage.swift */; };
		310F03B72510095B000CF0F0 /* FileBrowserDBReadingTests.swift in Sources */ = {isa = PBXBuildFile; fileRef = 310F03B62510095B000CF0F0 /* FileBrowserDBReadingTests.swift */; };
		310F03B9251009A6000CF0F0 /* FileBrowserDBAccessTests.swift in Sources */ = {isa = PBXBuildFile; fileRef = 310F03B8251009A6000CF0F0 /* FileBrowserDBAccessTests.swift */; };
		310F03D32510DF1D000CF0F0 /* ManagedContext+inMemory.swift in Sources */ = {isa = PBXBuildFile; fileRef = 310F03D22510DF1D000CF0F0 /* ManagedContext+inMemory.swift */; };
		3121A8312516007D00D8AD37 /* String+empty.swift in Sources */ = {isa = PBXBuildFile; fileRef = 3121A8302516007D00D8AD37 /* String+empty.swift */; };
		3121A83425160E7A00D8AD37 /* NoteLevelAccessImpl.swift in Sources */ = {isa = PBXBuildFile; fileRef = 3121A83325160E7A00D8AD37 /* NoteLevelAccessImpl.swift */; };
		3121A83625168D7A00D8AD37 /* NoteModelDBAccessTests.swift in Sources */ = {isa = PBXBuildFile; fileRef = 3121A83525168D7A00D8AD37 /* NoteModelDBAccessTests.swift */; };
		312820CB24F6926B00338E28 /* ZNPinchGestureRecognizer.swift in Sources */ = {isa = PBXBuildFile; fileRef = 312820CA24F6926B00338E28 /* ZNPinchGestureRecognizer.swift */; };
		312820CD24F6963B00338E28 /* CGRect+center.swift in Sources */ = {isa = PBXBuildFile; fileRef = 312820CC24F6963B00338E28 /* CGRect+center.swift */; };
		312820CF24F69A2700338E28 /* Graphics.swift in Sources */ = {isa = PBXBuildFile; fileRef = 312820CE24F69A2700338E28 /* Graphics.swift */; };
		312820D224F6B76200338E28 /* ZoomTransitionAnimator.swift in Sources */ = {isa = PBXBuildFile; fileRef = 312820D124F6B76200338E28 /* ZoomTransitionAnimator.swift */; };
		312820D624F826EF00338E28 /* DrawerView.swift in Sources */ = {isa = PBXBuildFile; fileRef = 312820D524F826EF00338E28 /* DrawerView.swift */; };
		312B3A082523C97D0020E1CF /* DirectoryAccess.swift in Sources */ = {isa = PBXBuildFile; fileRef = 312B3A072523C97D0020E1CF /* DirectoryAccess.swift */; };
		313414C42517F2E2005B49D1 /* NoteEditorCommandable.swift in Sources */ = {isa = PBXBuildFile; fileRef = 313414C32517F2E2005B49D1 /* NoteEditorCommandable.swift */; };
		313414C62517F32D005B49D1 /* FileBrowserCommandable.swift in Sources */ = {isa = PBXBuildFile; fileRef = 313414C52517F32D005B49D1 /* FileBrowserCommandable.swift */; };
		31362A5724F832050002FD98 /* NoteViewController+UINavigationControllerDelegate.swift in Sources */ = {isa = PBXBuildFile; fileRef = 31362A5624F832050002FD98 /* NoteViewController+UINavigationControllerDelegate.swift */; };
		31362A5B24F83F410002FD98 /* ZNSwipeGesturerecognizer.swift in Sources */ = {isa = PBXBuildFile; fileRef = 31362A5A24F83F410002FD98 /* ZNSwipeGesturerecognizer.swift */; };
		313B6CE42511125B00789595 /* FileBrowserBoundaryTests.swift in Sources */ = {isa = PBXBuildFile; fileRef = 313B6CE32511125B00789595 /* FileBrowserBoundaryTests.swift */; };
		313B6CE62511612B00789595 /* XCTestCase+asynch.swift in Sources */ = {isa = PBXBuildFile; fileRef = 313B6CE52511612B00789595 /* XCTestCase+asynch.swift */; };
		313B6CEC25155B0300789595 /* NodeDetailEditor.swift in Sources */ = {isa = PBXBuildFile; fileRef = 313B6CEB25155B0300789595 /* NodeDetailEditor.swift */; };
		313B6CEE2515629100789595 /* OkayableTextfield.swift in Sources */ = {isa = PBXBuildFile; fileRef = 313B6CED2515629100789595 /* OkayableTextfield.swift */; };
		313BFDE6251E601500EBF70F /* NoteLevelAccessMock.swift in Sources */ = {isa = PBXBuildFile; fileRef = 313BFDE5251E601500EBF70F /* NoteLevelAccessMock.swift */; };
		313BFDE8251E638100EBF70F /* NoteLevelDescription.swift in Sources */ = {isa = PBXBuildFile; fileRef = 313BFDE7251E638100EBF70F /* NoteLevelDescription.swift */; };
		313BFDEC251E6CD200EBF70F /* NoteLevelDescription+stub.swift in Sources */ = {isa = PBXBuildFile; fileRef = 313BFDEB251E6CD200EBF70F /* NoteLevelDescription+stub.swift */; };
		313BFDEE251FA40F00EBF70F /* NoteEditorVMNoteModelDBAccessIntegration.swift in Sources */ = {isa = PBXBuildFile; fileRef = 313BFDED251FA40F00EBF70F /* NoteEditorVMNoteModelDBAccessIntegration.swift */; };
		313BFDF0251FA66200EBF70F /* NoteEditorViewModel+stub.swift in Sources */ = {isa = PBXBuildFile; fileRef = 313BFDEF251FA66200EBF70F /* NoteEditorViewModel+stub.swift */; };
		313BFDF42520BC5500EBF70F /* NoteLevelAccess.swift in Sources */ = {isa = PBXBuildFile; fileRef = 313BFDF32520BC5500EBF70F /* NoteLevelAccess.swift */; };
		313BFDF62520E4F100EBF70F /* DirectoryAccess+stub.swift in Sources */ = {isa = PBXBuildFile; fileRef = 313BFDF52520E4F100EBF70F /* DirectoryAccess+stub.swift */; };
		3142FE83250A81D800002DD8 /* ExtensionsTests.swift in Sources */ = {isa = PBXBuildFile; fileRef = 3142FE82250A81D800002DD8 /* ExtensionsTests.swift */; };
		3142FE86250B59AF00002DD8 /* NoteEditorTests.swift in Sources */ = {isa = PBXBuildFile; fileRef = 3142FE85250B59AF00002DD8 /* NoteEditorTests.swift */; };
		3169CE0F24F58A4300CF15C7 /* ZNTapGestureRecognizer.swift in Sources */ = {isa = PBXBuildFile; fileRef = 3169CE0E24F58A4300CF15C7 /* ZNTapGestureRecognizer.swift */; };
		31AD9BBF25052EB200C193CF /* NoteEditorViewModel.swift in Sources */ = {isa = PBXBuildFile; fileRef = 31AD9BBE25052EB200C193CF /* NoteEditorViewModel.swift */; };
		31AD9BC12506849400C193CF /* NoteViewController+Preferences.swift in Sources */ = {isa = PBXBuildFile; fileRef = 31AD9BC02506849400C193CF /* NoteViewController+Preferences.swift */; };
		31AD9BC32506A59D00C193CF /* CGRect+half.swift in Sources */ = {isa = PBXBuildFile; fileRef = 31AD9BC22506A59D00C193CF /* CGRect+half.swift */; };
		31AD9BC52507700900C193CF /* NoteViewController+commands.swift in Sources */ = {isa = PBXBuildFile; fileRef = 31AD9BC42507700900C193CF /* NoteViewController+commands.swift */; };
		31AD9BC72507759400C193CF /* NoteViewController+utils.swift in Sources */ = {isa = PBXBuildFile; fileRef = 31AD9BC62507759400C193CF /* NoteViewController+utils.swift */; };
		31AD9BCF2507937300C193CF /* ZNStatefulGestureManager.swift in Sources */ = {isa = PBXBuildFile; fileRef = 31AD9BCE2507937300C193CF /* ZNStatefulGestureManager.swift */; };
		31AD9BD1250793A300C193CF /* ZNScreenEdgePanGesture.swift in Sources */ = {isa = PBXBuildFile; fileRef = 31AD9BD0250793A300C193CF /* ZNScreenEdgePanGesture.swift */; };
		31AD9BD52507B3BB00C193CF /* Catapult.swift in Sources */ = {isa = PBXBuildFile; fileRef = 31AD9BD42507B3BB00C193CF /* Catapult.swift */; };
		31AD9BD72507CA9700C193CF /* FileBrowserViewModel.swift in Sources */ = {isa = PBXBuildFile; fileRef = 31AD9BD62507CA9700C193CF /* FileBrowserViewModel.swift */; };
		31AD9BDC25093EA600C193CF /* DocumentNodeCell.swift in Sources */ = {isa = PBXBuildFile; fileRef = 31AD9BD925093EA600C193CF /* DocumentNodeCell.swift */; };
		31AD9BDE25093EA600C193CF /* DocumentCollectionViewController.swift in Sources */ = {isa = PBXBuildFile; fileRef = 31AD9BDB25093EA600C193CF /* DocumentCollectionViewController.swift */; };
		31AD9BE12509499100C193CF /* DirectoryAccessImpl.swift in Sources */ = {isa = PBXBuildFile; fileRef = 31AD9BE02509499100C193CF /* DirectoryAccessImpl.swift */; };
		31AD9BE325094CB900C193CF /* FileBrowserVM+dragdrop.swift in Sources */ = {isa = PBXBuildFile; fileRef = 31AD9BE225094CB900C193CF /* FileBrowserVM+dragdrop.swift */; };
		31AD9BE525094D9C00C193CF /* AlertController+closure.swift in Sources */ = {isa = PBXBuildFile; fileRef = 31AD9BE425094D9C00C193CF /* AlertController+closure.swift */; };
		31B1AA3424FD1C05007DAF4D /* NoteViewController+fromStoryBoard.swift in Sources */ = {isa = PBXBuildFile; fileRef = 31B1AA3324FD1C05007DAF4D /* NoteViewController+fromStoryBoard.swift */; };
		31B1AA3624FD3AE4007DAF4D /* SettingsView.swift in Sources */ = {isa = PBXBuildFile; fileRef = 31B1AA3524FD3AE4007DAF4D /* SettingsView.swift */; };
		31B1AA3824FD5DC7007DAF4D /* UserDefaults+ext.swift in Sources */ = {isa = PBXBuildFile; fileRef = 31B1AA3724FD5DC7007DAF4D /* UserDefaults+ext.swift */; };
		31B1B1CF251E58F100DEEE68 /* FileVM.swift in Sources */ = {isa = PBXBuildFile; fileRef = 31B1B1CE251E58F100DEEE68 /* FileVM.swift */; };
		31B1B1D1251E591800DEEE68 /* DirectoryVM.swift in Sources */ = {isa = PBXBuildFile; fileRef = 31B1B1D0251E591800DEEE68 /* DirectoryVM.swift */; };
		31BA8F7F2523D54D0016B78C /* DirectoryStoreLookupResult.swift in Sources */ = {isa = PBXBuildFile; fileRef = 31BA8F7E2523D54D0016B78C /* DirectoryStoreLookupResult.swift */; };
		31BA8F812523D7030016B78C /* NoteLevelAccessImpl+stub.swift in Sources */ = {isa = PBXBuildFile; fileRef = 31BA8F802523D7030016B78C /* NoteLevelAccessImpl+stub.swift */; };
		31BF9E2C24E5906100142EBF /* NoteLevelVM.swift in Sources */ = {isa = PBXBuildFile; fileRef = 31BF9E2B24E5906100142EBF /* NoteLevelVM.swift */; };
		31CD520D251CF7B700561D27 /* DocumentStoreDescription+stub.swift in Sources */ = {isa = PBXBuildFile; fileRef = 31CD520C251CF7B700561D27 /* DocumentStoreDescription+stub.swift */; };
		31CD520F251CF80600561D27 /* DocumentStoreDescription.swift in Sources */ = {isa = PBXBuildFile; fileRef = 31CD520E251CF80600561D27 /* DocumentStoreDescription.swift */; };
		31CD5211251CF8D400561D27 /* DirectoryStoreDescription.swift in Sources */ = {isa = PBXBuildFile; fileRef = 31CD5210251CF8D400561D27 /* DirectoryStoreDescription.swift */; };
		31CD5213251D118E00561D27 /* DirectoryStoreDescription+stub.swift in Sources */ = {isa = PBXBuildFile; fileRef = 31CD5212251D118E00561D27 /* DirectoryStoreDescription+stub.swift */; };
		31D6648D24EC53890062AF8D /* CodableImage.swift in Sources */ = {isa = PBXBuildFile; fileRef = 31D6648C24EC53890062AF8D /* CodableImage.swift */; };
		31D6648F24ED1D470062AF8D /* NoteLevelPreview.swift in Sources */ = {isa = PBXBuildFile; fileRef = 31D6648E24ED1D470062AF8D /* NoteLevelPreview.swift */; };
		F7F6F47D55BB5C37777B55B9 /* Pods_Zoomnotes.framework in Frameworks */ = {isa = PBXBuildFile; fileRef = 41CA6B1C7B18B29005E678AC /* Pods_Zoomnotes.framework */; };
		F885CBA636E12959C8D6828F /* Pods_ZoomnotesTests.framework in Frameworks */ = {isa = PBXBuildFile; fileRef = FE82804B11FC6B424862CD52 /* Pods_ZoomnotesTests.framework */; };
/* End PBXBuildFile section */

/* Begin PBXContainerItemProxy section */
		3101754424E5211F007D3589 /* PBXContainerItemProxy */ = {
			isa = PBXContainerItemProxy;
			containerPortal = 3101752224E5211D007D3589 /* Project object */;
			proxyType = 1;
			remoteGlobalIDString = 3101752924E5211D007D3589;
			remoteInfo = Zoomnotes;
		};
		3101754F24E5211F007D3589 /* PBXContainerItemProxy */ = {
			isa = PBXContainerItemProxy;
			containerPortal = 3101752224E5211D007D3589 /* Project object */;
			proxyType = 1;
			remoteGlobalIDString = 3101752924E5211D007D3589;
			remoteInfo = Zoomnotes;
		};
/* End PBXContainerItemProxy section */

/* Begin PBXFileReference section */
		3101752A24E5211D007D3589 /* Zoomnotes.app */ = {isa = PBXFileReference; explicitFileType = wrapper.application; includeInIndex = 0; path = Zoomnotes.app; sourceTree = BUILT_PRODUCTS_DIR; };
		3101752D24E5211D007D3589 /* AppDelegate.swift */ = {isa = PBXFileReference; lastKnownFileType = sourcecode.swift; path = AppDelegate.swift; sourceTree = "<group>"; };
		3101752F24E5211D007D3589 /* SceneDelegate.swift */ = {isa = PBXFileReference; lastKnownFileType = sourcecode.swift; path = SceneDelegate.swift; sourceTree = "<group>"; };
		3101753424E5211D007D3589 /* Base */ = {isa = PBXFileReference; lastKnownFileType = file.storyboard; name = Base; path = Base.lproj/Main.storyboard; sourceTree = "<group>"; };
		3101753724E5211D007D3589 /* Zoomnotes.xcdatamodel */ = {isa = PBXFileReference; lastKnownFileType = wrapper.xcdatamodel; path = Zoomnotes.xcdatamodel; sourceTree = "<group>"; };
		3101753924E5211E007D3589 /* Assets.xcassets */ = {isa = PBXFileReference; lastKnownFileType = folder.assetcatalog; path = Assets.xcassets; sourceTree = "<group>"; };
		3101753C24E5211E007D3589 /* Base */ = {isa = PBXFileReference; lastKnownFileType = file.storyboard; name = Base; path = Base.lproj/LaunchScreen.storyboard; sourceTree = "<group>"; };
		3101753E24E5211E007D3589 /* Info.plist */ = {isa = PBXFileReference; lastKnownFileType = text.plist.xml; path = Info.plist; sourceTree = "<group>"; };
		3101754324E5211F007D3589 /* ZoomnotesTests.xctest */ = {isa = PBXFileReference; explicitFileType = wrapper.cfbundle; includeInIndex = 0; path = ZoomnotesTests.xctest; sourceTree = BUILT_PRODUCTS_DIR; };
		3101754724E5211F007D3589 /* ZoomnotesTests.swift */ = {isa = PBXFileReference; lastKnownFileType = sourcecode.swift; path = ZoomnotesTests.swift; sourceTree = "<group>"; };
		3101754924E5211F007D3589 /* Info.plist */ = {isa = PBXFileReference; lastKnownFileType = text.plist.xml; path = Info.plist; sourceTree = "<group>"; };
		3101754E24E5211F007D3589 /* ZoomnotesUITests.xctest */ = {isa = PBXFileReference; explicitFileType = wrapper.cfbundle; includeInIndex = 0; path = ZoomnotesUITests.xctest; sourceTree = BUILT_PRODUCTS_DIR; };
		3101755224E5211F007D3589 /* ZoomnotesUITests.swift */ = {isa = PBXFileReference; lastKnownFileType = sourcecode.swift; path = ZoomnotesUITests.swift; sourceTree = "<group>"; };
		3101755424E5211F007D3589 /* Info.plist */ = {isa = PBXFileReference; lastKnownFileType = text.plist.xml; path = Info.plist; sourceTree = "<group>"; };
		3101756424E52FED007D3589 /* ZoomNotesNavigationController.swift */ = {isa = PBXFileReference; lastKnownFileType = sourcecode.swift; path = ZoomNotesNavigationController.swift; sourceTree = "<group>"; };
		3101756924E531D1007D3589 /* NoteViewController.swift */ = {isa = PBXFileReference; lastKnownFileType = sourcecode.swift; path = NoteViewController.swift; sourceTree = "<group>"; };
		31074D6D251D1B4A00F8A11D /* FileBrowserViewModel+Node.swift */ = {isa = PBXFileReference; lastKnownFileType = sourcecode.swift; path = "FileBrowserViewModel+Node.swift"; sourceTree = "<group>"; };
		31074D6F251E144B00F8A11D /* StoreBuilder.swift */ = {isa = PBXFileReference; lastKnownFileType = sourcecode.swift; path = StoreBuilder.swift; sourceTree = "<group>"; };
		31074D71251E293F00F8A11D /* FileBrowserViewModel+stub.swift */ = {isa = PBXFileReference; lastKnownFileType = sourcecode.swift; path = "FileBrowserViewModel+stub.swift"; sourceTree = "<group>"; };
		31074D79251E2BA400F8A11D /* DirectoryAccessMock.swift */ = {isa = PBXFileReference; lastKnownFileType = sourcecode.swift; path = DirectoryAccessMock.swift; sourceTree = "<group>"; };
		310A5C6C24F40A44006394A0 /* ZNPanGestureRecognizer.swift */ = {isa = PBXFileReference; lastKnownFileType = sourcecode.swift; path = ZNPanGestureRecognizer.swift; sourceTree = "<group>"; };
		310A5C6E24F411F1006394A0 /* UIImage.swift */ = {isa = PBXFileReference; lastKnownFileType = sourcecode.swift; path = UIImage.swift; sourceTree = "<group>"; };
		310F03B62510095B000CF0F0 /* FileBrowserDBReadingTests.swift */ = {isa = PBXFileReference; lastKnownFileType = sourcecode.swift; path = FileBrowserDBReadingTests.swift; sourceTree = "<group>"; };
		310F03B8251009A6000CF0F0 /* FileBrowserDBAccessTests.swift */ = {isa = PBXFileReference; lastKnownFileType = sourcecode.swift; path = FileBrowserDBAccessTests.swift; sourceTree = "<group>"; };
		310F03D22510DF1D000CF0F0 /* ManagedContext+inMemory.swift */ = {isa = PBXFileReference; lastKnownFileType = sourcecode.swift; path = "ManagedContext+inMemory.swift"; sourceTree = "<group>"; };
		3121A8302516007D00D8AD37 /* String+empty.swift */ = {isa = PBXFileReference; lastKnownFileType = sourcecode.swift; path = "String+empty.swift"; sourceTree = "<group>"; };
		3121A83325160E7A00D8AD37 /* NoteLevelAccessImpl.swift */ = {isa = PBXFileReference; lastKnownFileType = sourcecode.swift; path = NoteLevelAccessImpl.swift; sourceTree = "<group>"; };
		3121A83525168D7A00D8AD37 /* NoteModelDBAccessTests.swift */ = {isa = PBXFileReference; lastKnownFileType = sourcecode.swift; path = NoteModelDBAccessTests.swift; sourceTree = "<group>"; };
		312820CA24F6926B00338E28 /* ZNPinchGestureRecognizer.swift */ = {isa = PBXFileReference; lastKnownFileType = sourcecode.swift; path = ZNPinchGestureRecognizer.swift; sourceTree = "<group>"; };
		312820CC24F6963B00338E28 /* CGRect+center.swift */ = {isa = PBXFileReference; lastKnownFileType = sourcecode.swift; path = "CGRect+center.swift"; sourceTree = "<group>"; };
		312820CE24F69A2700338E28 /* Graphics.swift */ = {isa = PBXFileReference; lastKnownFileType = sourcecode.swift; path = Graphics.swift; sourceTree = "<group>"; };
		312820D124F6B76200338E28 /* ZoomTransitionAnimator.swift */ = {isa = PBXFileReference; lastKnownFileType = sourcecode.swift; path = ZoomTransitionAnimator.swift; sourceTree = "<group>"; };
		312820D524F826EF00338E28 /* DrawerView.swift */ = {isa = PBXFileReference; lastKnownFileType = sourcecode.swift; path = DrawerView.swift; sourceTree = "<group>"; };
		312B3A072523C97D0020E1CF /* DirectoryAccess.swift */ = {isa = PBXFileReference; lastKnownFileType = sourcecode.swift; path = DirectoryAccess.swift; sourceTree = "<group>"; };
		313414C32517F2E2005B49D1 /* NoteEditorCommandable.swift */ = {isa = PBXFileReference; lastKnownFileType = sourcecode.swift; path = NoteEditorCommandable.swift; sourceTree = "<group>"; };
		313414C52517F32D005B49D1 /* FileBrowserCommandable.swift */ = {isa = PBXFileReference; lastKnownFileType = sourcecode.swift; path = FileBrowserCommandable.swift; sourceTree = "<group>"; };
		31362A5624F832050002FD98 /* NoteViewController+UINavigationControllerDelegate.swift */ = {isa = PBXFileReference; lastKnownFileType = sourcecode.swift; path = "NoteViewController+UINavigationControllerDelegate.swift"; sourceTree = "<group>"; };
		31362A5A24F83F410002FD98 /* ZNSwipeGesturerecognizer.swift */ = {isa = PBXFileReference; lastKnownFileType = sourcecode.swift; path = ZNSwipeGesturerecognizer.swift; sourceTree = "<group>"; };
		313B6CE32511125B00789595 /* FileBrowserBoundaryTests.swift */ = {isa = PBXFileReference; lastKnownFileType = sourcecode.swift; path = FileBrowserBoundaryTests.swift; sourceTree = "<group>"; };
		313B6CE52511612B00789595 /* XCTestCase+asynch.swift */ = {isa = PBXFileReference; lastKnownFileType = sourcecode.swift; path = "XCTestCase+asynch.swift"; sourceTree = "<group>"; };
		313B6CEB25155B0300789595 /* NodeDetailEditor.swift */ = {isa = PBXFileReference; lastKnownFileType = sourcecode.swift; path = NodeDetailEditor.swift; sourceTree = "<group>"; };
		313B6CED2515629100789595 /* OkayableTextfield.swift */ = {isa = PBXFileReference; lastKnownFileType = sourcecode.swift; path = OkayableTextfield.swift; sourceTree = "<group>"; };
		313BFDE5251E601500EBF70F /* NoteLevelAccessMock.swift */ = {isa = PBXFileReference; lastKnownFileType = sourcecode.swift; path = NoteLevelAccessMock.swift; sourceTree = "<group>"; };
		313BFDE7251E638100EBF70F /* NoteLevelDescription.swift */ = {isa = PBXFileReference; lastKnownFileType = sourcecode.swift; path = NoteLevelDescription.swift; sourceTree = "<group>"; };
		313BFDEB251E6CD200EBF70F /* NoteLevelDescription+stub.swift */ = {isa = PBXFileReference; lastKnownFileType = sourcecode.swift; path = "NoteLevelDescription+stub.swift"; sourceTree = "<group>"; };
		313BFDED251FA40F00EBF70F /* NoteEditorVMNoteModelDBAccessIntegration.swift */ = {isa = PBXFileReference; lastKnownFileType = sourcecode.swift; path = NoteEditorVMNoteModelDBAccessIntegration.swift; sourceTree = "<group>"; };
		313BFDEF251FA66200EBF70F /* NoteEditorViewModel+stub.swift */ = {isa = PBXFileReference; lastKnownFileType = sourcecode.swift; path = "NoteEditorViewModel+stub.swift"; sourceTree = "<group>"; };
		313BFDF32520BC5500EBF70F /* NoteLevelAccess.swift */ = {isa = PBXFileReference; lastKnownFileType = sourcecode.swift; path = NoteLevelAccess.swift; sourceTree = "<group>"; };
		313BFDF52520E4F100EBF70F /* DirectoryAccess+stub.swift */ = {isa = PBXFileReference; lastKnownFileType = sourcecode.swift; path = "DirectoryAccess+stub.swift"; sourceTree = "<group>"; };
		3142FE82250A81D800002DD8 /* ExtensionsTests.swift */ = {isa = PBXFileReference; lastKnownFileType = sourcecode.swift; path = ExtensionsTests.swift; sourceTree = "<group>"; };
		3142FE85250B59AF00002DD8 /* NoteEditorTests.swift */ = {isa = PBXFileReference; lastKnownFileType = sourcecode.swift; path = NoteEditorTests.swift; sourceTree = "<group>"; };
		3169CE0E24F58A4300CF15C7 /* ZNTapGestureRecognizer.swift */ = {isa = PBXFileReference; lastKnownFileType = sourcecode.swift; path = ZNTapGestureRecognizer.swift; sourceTree = "<group>"; };
		31AD9BBE25052EB200C193CF /* NoteEditorViewModel.swift */ = {isa = PBXFileReference; lastKnownFileType = sourcecode.swift; path = NoteEditorViewModel.swift; sourceTree = "<group>"; };
		31AD9BC02506849400C193CF /* NoteViewController+Preferences.swift */ = {isa = PBXFileReference; lastKnownFileType = sourcecode.swift; path = "NoteViewController+Preferences.swift"; sourceTree = "<group>"; };
		31AD9BC22506A59D00C193CF /* CGRect+half.swift */ = {isa = PBXFileReference; lastKnownFileType = sourcecode.swift; path = "CGRect+half.swift"; sourceTree = "<group>"; };
		31AD9BC42507700900C193CF /* NoteViewController+commands.swift */ = {isa = PBXFileReference; lastKnownFileType = sourcecode.swift; path = "NoteViewController+commands.swift"; sourceTree = "<group>"; };
		31AD9BC62507759400C193CF /* NoteViewController+utils.swift */ = {isa = PBXFileReference; lastKnownFileType = sourcecode.swift; path = "NoteViewController+utils.swift"; sourceTree = "<group>"; };
		31AD9BCE2507937300C193CF /* ZNStatefulGestureManager.swift */ = {isa = PBXFileReference; lastKnownFileType = sourcecode.swift; path = ZNStatefulGestureManager.swift; sourceTree = "<group>"; };
		31AD9BD0250793A300C193CF /* ZNScreenEdgePanGesture.swift */ = {isa = PBXFileReference; lastKnownFileType = sourcecode.swift; path = ZNScreenEdgePanGesture.swift; sourceTree = "<group>"; };
		31AD9BD42507B3BB00C193CF /* Catapult.swift */ = {isa = PBXFileReference; lastKnownFileType = sourcecode.swift; path = Catapult.swift; sourceTree = "<group>"; };
		31AD9BD62507CA9700C193CF /* FileBrowserViewModel.swift */ = {isa = PBXFileReference; lastKnownFileType = sourcecode.swift; path = FileBrowserViewModel.swift; sourceTree = "<group>"; };
		31AD9BD925093EA600C193CF /* DocumentNodeCell.swift */ = {isa = PBXFileReference; fileEncoding = 4; lastKnownFileType = sourcecode.swift; path = DocumentNodeCell.swift; sourceTree = "<group>"; };
		31AD9BDB25093EA600C193CF /* DocumentCollectionViewController.swift */ = {isa = PBXFileReference; fileEncoding = 4; lastKnownFileType = sourcecode.swift; path = DocumentCollectionViewController.swift; sourceTree = "<group>"; };
		31AD9BE02509499100C193CF /* DirectoryAccessImpl.swift */ = {isa = PBXFileReference; lastKnownFileType = sourcecode.swift; path = DirectoryAccessImpl.swift; sourceTree = "<group>"; };
		31AD9BE225094CB900C193CF /* FileBrowserVM+dragdrop.swift */ = {isa = PBXFileReference; lastKnownFileType = sourcecode.swift; path = "FileBrowserVM+dragdrop.swift"; sourceTree = "<group>"; };
		31AD9BE425094D9C00C193CF /* AlertController+closure.swift */ = {isa = PBXFileReference; lastKnownFileType = sourcecode.swift; path = "AlertController+closure.swift"; sourceTree = "<group>"; };
		31B1AA3324FD1C05007DAF4D /* NoteViewController+fromStoryBoard.swift */ = {isa = PBXFileReference; lastKnownFileType = sourcecode.swift; path = "NoteViewController+fromStoryBoard.swift"; sourceTree = "<group>"; };
		31B1AA3524FD3AE4007DAF4D /* SettingsView.swift */ = {isa = PBXFileReference; lastKnownFileType = sourcecode.swift; path = SettingsView.swift; sourceTree = "<group>"; };
		31B1AA3724FD5DC7007DAF4D /* UserDefaults+ext.swift */ = {isa = PBXFileReference; lastKnownFileType = sourcecode.swift; path = "UserDefaults+ext.swift"; sourceTree = "<group>"; };
		31B1B1CE251E58F100DEEE68 /* FileVM.swift */ = {isa = PBXFileReference; lastKnownFileType = sourcecode.swift; path = FileVM.swift; sourceTree = "<group>"; };
		31B1B1D0251E591800DEEE68 /* DirectoryVM.swift */ = {isa = PBXFileReference; lastKnownFileType = sourcecode.swift; path = DirectoryVM.swift; sourceTree = "<group>"; };
		31BA8F7E2523D54D0016B78C /* DirectoryStoreLookupResult.swift */ = {isa = PBXFileReference; lastKnownFileType = sourcecode.swift; path = DirectoryStoreLookupResult.swift; sourceTree = "<group>"; };
		31BA8F802523D7030016B78C /* NoteLevelAccessImpl+stub.swift */ = {isa = PBXFileReference; lastKnownFileType = sourcecode.swift; path = "NoteLevelAccessImpl+stub.swift"; sourceTree = "<group>"; };
		31BF9E2B24E5906100142EBF /* NoteLevelVM.swift */ = {isa = PBXFileReference; lastKnownFileType = sourcecode.swift; path = NoteLevelVM.swift; sourceTree = "<group>"; };
		31CD520C251CF7B700561D27 /* DocumentStoreDescription+stub.swift */ = {isa = PBXFileReference; lastKnownFileType = sourcecode.swift; path = "DocumentStoreDescription+stub.swift"; sourceTree = "<group>"; };
		31CD520E251CF80600561D27 /* DocumentStoreDescription.swift */ = {isa = PBXFileReference; lastKnownFileType = sourcecode.swift; path = DocumentStoreDescription.swift; sourceTree = "<group>"; };
		31CD5210251CF8D400561D27 /* DirectoryStoreDescription.swift */ = {isa = PBXFileReference; lastKnownFileType = sourcecode.swift; path = DirectoryStoreDescription.swift; sourceTree = "<group>"; };
		31CD5212251D118E00561D27 /* DirectoryStoreDescription+stub.swift */ = {isa = PBXFileReference; lastKnownFileType = sourcecode.swift; path = "DirectoryStoreDescription+stub.swift"; sourceTree = "<group>"; };
		31D6648C24EC53890062AF8D /* CodableImage.swift */ = {isa = PBXFileReference; lastKnownFileType = sourcecode.swift; name = CodableImage.swift; path = ../Model/NoteModel/CodableImage.swift; sourceTree = "<group>"; };
		31D6648E24ED1D470062AF8D /* NoteLevelPreview.swift */ = {isa = PBXFileReference; lastKnownFileType = sourcecode.swift; path = NoteLevelPreview.swift; sourceTree = "<group>"; };
		41CA6B1C7B18B29005E678AC /* Pods_Zoomnotes.framework */ = {isa = PBXFileReference; explicitFileType = wrapper.framework; includeInIndex = 0; path = Pods_Zoomnotes.framework; sourceTree = BUILT_PRODUCTS_DIR; };
		485C114CAEE2DCFC02846656 /* Pods-ZoomnotesTests.release.xcconfig */ = {isa = PBXFileReference; includeInIndex = 1; lastKnownFileType = text.xcconfig; name = "Pods-ZoomnotesTests.release.xcconfig"; path = "Target Support Files/Pods-ZoomnotesTests/Pods-ZoomnotesTests.release.xcconfig"; sourceTree = "<group>"; };
		4E0ECA886B165C66AEA4C374 /* Pods-Zoomnotes-ZoomnotesUITests.debug.xcconfig */ = {isa = PBXFileReference; includeInIndex = 1; lastKnownFileType = text.xcconfig; name = "Pods-Zoomnotes-ZoomnotesUITests.debug.xcconfig"; path = "Target Support Files/Pods-Zoomnotes-ZoomnotesUITests/Pods-Zoomnotes-ZoomnotesUITests.debug.xcconfig"; sourceTree = "<group>"; };
		57DB1DBA447531A7C1E4CCD4 /* Pods-ZoomnotesTests.debug.xcconfig */ = {isa = PBXFileReference; includeInIndex = 1; lastKnownFileType = text.xcconfig; name = "Pods-ZoomnotesTests.debug.xcconfig"; path = "Target Support Files/Pods-ZoomnotesTests/Pods-ZoomnotesTests.debug.xcconfig"; sourceTree = "<group>"; };
		5F49899A865EFBBE65BAF712 /* Pods-Zoomnotes.release.xcconfig */ = {isa = PBXFileReference; includeInIndex = 1; lastKnownFileType = text.xcconfig; name = "Pods-Zoomnotes.release.xcconfig"; path = "Target Support Files/Pods-Zoomnotes/Pods-Zoomnotes.release.xcconfig"; sourceTree = "<group>"; };
		A5E3B737D7EA7890DED81178 /* Pods_Zoomnotes_ZoomnotesUITests.framework */ = {isa = PBXFileReference; explicitFileType = wrapper.framework; includeInIndex = 0; path = Pods_Zoomnotes_ZoomnotesUITests.framework; sourceTree = BUILT_PRODUCTS_DIR; };
		BC2B55DB6B95923E7DD8CCD4 /* Pods-Zoomnotes-ZoomnotesUITests.release.xcconfig */ = {isa = PBXFileReference; includeInIndex = 1; lastKnownFileType = text.xcconfig; name = "Pods-Zoomnotes-ZoomnotesUITests.release.xcconfig"; path = "Target Support Files/Pods-Zoomnotes-ZoomnotesUITests/Pods-Zoomnotes-ZoomnotesUITests.release.xcconfig"; sourceTree = "<group>"; };
		CA92CA7F8E2021BBDBFB0BA2 /* Pods-Zoomnotes.debug.xcconfig */ = {isa = PBXFileReference; includeInIndex = 1; lastKnownFileType = text.xcconfig; name = "Pods-Zoomnotes.debug.xcconfig"; path = "Target Support Files/Pods-Zoomnotes/Pods-Zoomnotes.debug.xcconfig"; sourceTree = "<group>"; };
		FE82804B11FC6B424862CD52 /* Pods_ZoomnotesTests.framework */ = {isa = PBXFileReference; explicitFileType = wrapper.framework; includeInIndex = 0; path = Pods_ZoomnotesTests.framework; sourceTree = BUILT_PRODUCTS_DIR; };
/* End PBXFileReference section */

/* Begin PBXFrameworksBuildPhase section */
		3101752724E5211D007D3589 /* Frameworks */ = {
			isa = PBXFrameworksBuildPhase;
			buildActionMask = 2147483647;
			files = (
				F7F6F47D55BB5C37777B55B9 /* Pods_Zoomnotes.framework in Frameworks */,
			);
			runOnlyForDeploymentPostprocessing = 0;
		};
		3101754024E5211F007D3589 /* Frameworks */ = {
			isa = PBXFrameworksBuildPhase;
			buildActionMask = 2147483647;
			files = (
				F885CBA636E12959C8D6828F /* Pods_ZoomnotesTests.framework in Frameworks */,
			);
			runOnlyForDeploymentPostprocessing = 0;
		};
		3101754B24E5211F007D3589 /* Frameworks */ = {
			isa = PBXFrameworksBuildPhase;
			buildActionMask = 2147483647;
			files = (
				14F52C29F9998B69E5DE34D5 /* Pods_Zoomnotes_ZoomnotesUITests.framework in Frameworks */,
			);
			runOnlyForDeploymentPostprocessing = 0;
		};
/* End PBXFrameworksBuildPhase section */

/* Begin PBXGroup section */
		3101752124E5211D007D3589 = {
			isa = PBXGroup;
			children = (
				3101752C24E5211D007D3589 /* Zoomnotes */,
				3101754624E5211F007D3589 /* ZoomnotesTests */,
				3101755124E5211F007D3589 /* ZoomnotesUITests */,
				3101752B24E5211D007D3589 /* Products */,
				413867CE548B7A1622A584B0 /* Pods */,
				F0FC171296CB43771DDBE564 /* Frameworks */,
			);
			sourceTree = "<group>";
		};
		3101752B24E5211D007D3589 /* Products */ = {
			isa = PBXGroup;
			children = (
				3101752A24E5211D007D3589 /* Zoomnotes.app */,
				3101754324E5211F007D3589 /* ZoomnotesTests.xctest */,
				3101754E24E5211F007D3589 /* ZoomnotesUITests.xctest */,
			);
			name = Products;
			sourceTree = "<group>";
		};
		3101752C24E5211D007D3589 /* Zoomnotes */ = {
			isa = PBXGroup;
			children = (
				3101756624E530D1007D3589 /* Components */,
				3101756324E52FDE007D3589 /* Utils */,
				31AD9BBD25052E9E00C193CF /* ViewModels */,
				3101756024E52F6B007D3589 /* Model */,
				3101752D24E5211D007D3589 /* AppDelegate.swift */,
				3101752F24E5211D007D3589 /* SceneDelegate.swift */,
				3101753324E5211D007D3589 /* Main.storyboard */,
				3101753924E5211E007D3589 /* Assets.xcassets */,
				3101753B24E5211E007D3589 /* LaunchScreen.storyboard */,
				3101753E24E5211E007D3589 /* Info.plist */,
				3101753624E5211D007D3589 /* Zoomnotes.xcdatamodeld */,
			);
			path = Zoomnotes;
			sourceTree = "<group>";
		};
		3101754624E5211F007D3589 /* ZoomnotesTests */ = {
			isa = PBXGroup;
			children = (
				313BFDED251FA40F00EBF70F /* NoteEditorVMNoteModelDBAccessIntegration.swift */,
				3121A83525168D7A00D8AD37 /* NoteModelDBAccessTests.swift */,
				313B6CE32511125B00789595 /* FileBrowserBoundaryTests.swift */,
				310F03B8251009A6000CF0F0 /* FileBrowserDBAccessTests.swift */,
				310F03B62510095B000CF0F0 /* FileBrowserDBReadingTests.swift */,
				3142FE85250B59AF00002DD8 /* NoteEditorTests.swift */,
				3101754724E5211F007D3589 /* ZoomnotesTests.swift */,
				3101754924E5211F007D3589 /* Info.plist */,
			);
			path = ZoomnotesTests;
			sourceTree = "<group>";
		};
		3101755124E5211F007D3589 /* ZoomnotesUITests */ = {
			isa = PBXGroup;
			children = (
				3142FE82250A81D800002DD8 /* ExtensionsTests.swift */,
				3101755224E5211F007D3589 /* ZoomnotesUITests.swift */,
				3101755424E5211F007D3589 /* Info.plist */,
			);
			path = ZoomnotesUITests;
			sourceTree = "<group>";
		};
		3101756024E52F6B007D3589 /* Model */ = {
			isa = PBXGroup;
			children = (
				31AD9BDF2509494800C193CF /* Core Data Stack */,
			);
			path = Model;
			sourceTree = "<group>";
		};
		3101756324E52FDE007D3589 /* Utils */ = {
			isa = PBXGroup;
			children = (
				31B1B1D2251E5F4700DEEE68 /* Extensions */,
				312820D024F6B75300338E28 /* Animator */,
				312D7FED24F93DB0008B13F8 /* Gestures */,
				312820CE24F69A2700338E28 /* Graphics.swift */,
				31D6648C24EC53890062AF8D /* CodableImage.swift */,
				31AD9BD42507B3BB00C193CF /* Catapult.swift */,
				31074D6F251E144B00F8A11D /* StoreBuilder.swift */,
			);
			path = Utils;
			sourceTree = "<group>";
		};
		3101756624E530D1007D3589 /* Components */ = {
			isa = PBXGroup;
			children = (
				313B6CE925155ADD00789595 /* SwiftUI */,
				31AD9BD82507CDE300C193CF /* FileBrowser */,
				31362A5524F831D70002FD98 /* NoteViewController */,
				31E58E0324F95EA20052997D /* Drawer */,
				310A5C7024F42338006394A0 /* NotePreview */,
				3101756424E52FED007D3589 /* ZoomNotesNavigationController.swift */,
				31B1AA3524FD3AE4007DAF4D /* SettingsView.swift */,
			);
			path = Components;
			sourceTree = "<group>";
		};
		31074D77251E2B8300F8A11D /* Protocol */ = {
			isa = PBXGroup;
			children = (
				313BFDF32520BC5500EBF70F /* NoteLevelAccess.swift */,
				312B3A072523C97D0020E1CF /* DirectoryAccess.swift */,
			);
			path = Protocol;
			sourceTree = "<group>";
		};
		31074D78251E2B8D00F8A11D /* Mock */ = {
			isa = PBXGroup;
			children = (
				31CD5212251D118E00561D27 /* DirectoryStoreDescription+stub.swift */,
				31CD520C251CF7B700561D27 /* DocumentStoreDescription+stub.swift */,
				31074D79251E2BA400F8A11D /* DirectoryAccessMock.swift */,
				313BFDE5251E601500EBF70F /* NoteLevelAccessMock.swift */,
				313BFDEB251E6CD200EBF70F /* NoteLevelDescription+stub.swift */,
				313BFDF52520E4F100EBF70F /* DirectoryAccess+stub.swift */,
				31BA8F802523D7030016B78C /* NoteLevelAccessImpl+stub.swift */,
			);
			path = Mock;
			sourceTree = "<group>";
		};
		310A5C7024F42338006394A0 /* NotePreview */ = {
			isa = PBXGroup;
			children = (
				31D6648E24ED1D470062AF8D /* NoteLevelPreview.swift */,
			);
			path = NotePreview;
			sourceTree = "<group>";
		};
		310F03CF2510DE03000CF0F0 /* FileBrowser */ = {
			isa = PBXGroup;
			children = (
				31CD520B251CF79E00561D27 /* DirectoryAccess */,
			);
			path = FileBrowser;
			sourceTree = "<group>";
		};
		3121A83225160E6200D8AD37 /* NoteEditor */ = {
			isa = PBXGroup;
			children = (
				3121A83325160E7A00D8AD37 /* NoteLevelAccessImpl.swift */,
				313BFDE7251E638100EBF70F /* NoteLevelDescription.swift */,
			);
			path = NoteEditor;
			sourceTree = "<group>";
		};
		312820D024F6B75300338E28 /* Animator */ = {
			isa = PBXGroup;
			children = (
				312820D124F6B76200338E28 /* ZoomTransitionAnimator.swift */,
			);
			path = Animator;
			sourceTree = "<group>";
		};
		312D7FED24F93DB0008B13F8 /* Gestures */ = {
			isa = PBXGroup;
			children = (
				3169CE0E24F58A4300CF15C7 /* ZNTapGestureRecognizer.swift */,
				31362A5A24F83F410002FD98 /* ZNSwipeGesturerecognizer.swift */,
				312820CA24F6926B00338E28 /* ZNPinchGestureRecognizer.swift */,
				310A5C6C24F40A44006394A0 /* ZNPanGestureRecognizer.swift */,
				31AD9BCE2507937300C193CF /* ZNStatefulGestureManager.swift */,
				31AD9BD0250793A300C193CF /* ZNScreenEdgePanGesture.swift */,
			);
			path = Gestures;
			sourceTree = "<group>";
		};
		313414C12517F2C3005B49D1 /* NoteEditor */ = {
			isa = PBXGroup;
			children = (
				31BF9E2B24E5906100142EBF /* NoteLevelVM.swift */,
				31AD9BBE25052EB200C193CF /* NoteEditorViewModel.swift */,
				313414C32517F2E2005B49D1 /* NoteEditorCommandable.swift */,
				313BFDEF251FA66200EBF70F /* NoteEditorViewModel+stub.swift */,
			);
			path = NoteEditor;
			sourceTree = "<group>";
		};
		313414C22517F2CE005B49D1 /* FileBrowser */ = {
			isa = PBXGroup;
			children = (
				31AD9BD62507CA9700C193CF /* FileBrowserViewModel.swift */,
				31B1B1CE251E58F100DEEE68 /* FileVM.swift */,
				31AD9BE225094CB900C193CF /* FileBrowserVM+dragdrop.swift */,
				313414C52517F32D005B49D1 /* FileBrowserCommandable.swift */,
				31074D6D251D1B4A00F8A11D /* FileBrowserViewModel+Node.swift */,
				31074D71251E293F00F8A11D /* FileBrowserViewModel+stub.swift */,
				31B1B1D0251E591800DEEE68 /* DirectoryVM.swift */,
			);
			path = FileBrowser;
			sourceTree = "<group>";
		};
		31362A5524F831D70002FD98 /* NoteViewController */ = {
			isa = PBXGroup;
			children = (
				3101756924E531D1007D3589 /* NoteViewController.swift */,
				31362A5624F832050002FD98 /* NoteViewController+UINavigationControllerDelegate.swift */,
				31B1AA3324FD1C05007DAF4D /* NoteViewController+fromStoryBoard.swift */,
				31AD9BC02506849400C193CF /* NoteViewController+Preferences.swift */,
				31AD9BC42507700900C193CF /* NoteViewController+commands.swift */,
				31AD9BC62507759400C193CF /* NoteViewController+utils.swift */,
			);
			path = NoteViewController;
			sourceTree = "<group>";
		};
		313B6CE925155ADD00789595 /* SwiftUI */ = {
			isa = PBXGroup;
			children = (
				313B6CEB25155B0300789595 /* NodeDetailEditor.swift */,
				313B6CED2515629100789595 /* OkayableTextfield.swift */,
			);
			path = SwiftUI;
			sourceTree = "<group>";
		};
		31AD9BBD25052E9E00C193CF /* ViewModels */ = {
			isa = PBXGroup;
			children = (
				313414C22517F2CE005B49D1 /* FileBrowser */,
				313414C12517F2C3005B49D1 /* NoteEditor */,
			);
			path = ViewModels;
			sourceTree = "<group>";
		};
		31AD9BD82507CDE300C193CF /* FileBrowser */ = {
			isa = PBXGroup;
			children = (
				31AD9BDB25093EA600C193CF /* DocumentCollectionViewController.swift */,
				31AD9BD925093EA600C193CF /* DocumentNodeCell.swift */,
			);
			path = FileBrowser;
			sourceTree = "<group>";
		};
		31AD9BDF2509494800C193CF /* Core Data Stack */ = {
			isa = PBXGroup;
			children = (
				31074D77251E2B8300F8A11D /* Protocol */,
				31074D78251E2B8D00F8A11D /* Mock */,
				3121A83225160E6200D8AD37 /* NoteEditor */,
				310F03CF2510DE03000CF0F0 /* FileBrowser */,
			);
			path = "Core Data Stack";
			sourceTree = "<group>";
		};
		31B1B1D2251E5F4700DEEE68 /* Extensions */ = {
			isa = PBXGroup;
			children = (
				310A5C6E24F411F1006394A0 /* UIImage.swift */,
				312820CC24F6963B00338E28 /* CGRect+center.swift */,
				31AD9BC22506A59D00C193CF /* CGRect+half.swift */,
				31B1AA3724FD5DC7007DAF4D /* UserDefaults+ext.swift */,
				31AD9BE425094D9C00C193CF /* AlertController+closure.swift */,
				310F03D22510DF1D000CF0F0 /* ManagedContext+inMemory.swift */,
				313B6CE52511612B00789595 /* XCTestCase+asynch.swift */,
				3121A8302516007D00D8AD37 /* String+empty.swift */,
			);
			path = Extensions;
			sourceTree = "<group>";
		};
		31CD520B251CF79E00561D27 /* DirectoryAccess */ = {
			isa = PBXGroup;
			children = (
				31AD9BE02509499100C193CF /* DirectoryAccessImpl.swift */,
				31CD5210251CF8D400561D27 /* DirectoryStoreDescription.swift */,
				31CD520E251CF80600561D27 /* DocumentStoreDescription.swift */,
				31BA8F7E2523D54D0016B78C /* DirectoryStoreLookupResult.swift */,
			);
			path = DirectoryAccess;
			sourceTree = "<group>";
		};
		31E58E0324F95EA20052997D /* Drawer */ = {
			isa = PBXGroup;
			children = (
				312820D524F826EF00338E28 /* DrawerView.swift */,
			);
			path = Drawer;
			sourceTree = "<group>";
		};
		413867CE548B7A1622A584B0 /* Pods */ = {
			isa = PBXGroup;
			children = (
				CA92CA7F8E2021BBDBFB0BA2 /* Pods-Zoomnotes.debug.xcconfig */,
				5F49899A865EFBBE65BAF712 /* Pods-Zoomnotes.release.xcconfig */,
				4E0ECA886B165C66AEA4C374 /* Pods-Zoomnotes-ZoomnotesUITests.debug.xcconfig */,
				BC2B55DB6B95923E7DD8CCD4 /* Pods-Zoomnotes-ZoomnotesUITests.release.xcconfig */,
				57DB1DBA447531A7C1E4CCD4 /* Pods-ZoomnotesTests.debug.xcconfig */,
				485C114CAEE2DCFC02846656 /* Pods-ZoomnotesTests.release.xcconfig */,
			);
			path = Pods;
			sourceTree = "<group>";
		};
		F0FC171296CB43771DDBE564 /* Frameworks */ = {
			isa = PBXGroup;
			children = (
				41CA6B1C7B18B29005E678AC /* Pods_Zoomnotes.framework */,
				A5E3B737D7EA7890DED81178 /* Pods_Zoomnotes_ZoomnotesUITests.framework */,
				FE82804B11FC6B424862CD52 /* Pods_ZoomnotesTests.framework */,
			);
			name = Frameworks;
			sourceTree = "<group>";
		};
/* End PBXGroup section */

/* Begin PBXNativeTarget section */
		3101752924E5211D007D3589 /* Zoomnotes */ = {
			isa = PBXNativeTarget;
			buildConfigurationList = 3101755724E5211F007D3589 /* Build configuration list for PBXNativeTarget "Zoomnotes" */;
			buildPhases = (
				FA55D72B0D0050F893EA56B8 /* [CP] Check Pods Manifest.lock */,
				3101752624E5211D007D3589 /* Sources */,
				3101752724E5211D007D3589 /* Frameworks */,
				3101752824E5211D007D3589 /* Resources */,
				31AD9BBC250525F000C193CF /* ShellScript */,
				C2BD0266E8DD74C052E04733 /* [CP] Embed Pods Frameworks */,
			);
			buildRules = (
			);
			dependencies = (
			);
			name = Zoomnotes;
			productName = Zoomnotes;
			productReference = 3101752A24E5211D007D3589 /* Zoomnotes.app */;
			productType = "com.apple.product-type.application";
		};
		3101754224E5211F007D3589 /* ZoomnotesTests */ = {
			isa = PBXNativeTarget;
			buildConfigurationList = 3101755A24E5211F007D3589 /* Build configuration list for PBXNativeTarget "ZoomnotesTests" */;
			buildPhases = (
				9D401D5CD8BC239DF3A656BD /* [CP] Check Pods Manifest.lock */,
				3101753F24E5211F007D3589 /* Sources */,
				3101754024E5211F007D3589 /* Frameworks */,
				3101754124E5211F007D3589 /* Resources */,
			);
			buildRules = (
			);
			dependencies = (
				3101754524E5211F007D3589 /* PBXTargetDependency */,
			);
			name = ZoomnotesTests;
			productName = ZoomnotesTests;
			productReference = 3101754324E5211F007D3589 /* ZoomnotesTests.xctest */;
			productType = "com.apple.product-type.bundle.unit-test";
		};
		3101754D24E5211F007D3589 /* ZoomnotesUITests */ = {
			isa = PBXNativeTarget;
			buildConfigurationList = 3101755D24E5211F007D3589 /* Build configuration list for PBXNativeTarget "ZoomnotesUITests" */;
			buildPhases = (
				71A2A4F3BAA625C4AEFCFB25 /* [CP] Check Pods Manifest.lock */,
				3101754A24E5211F007D3589 /* Sources */,
				3101754B24E5211F007D3589 /* Frameworks */,
				3101754C24E5211F007D3589 /* Resources */,
				E0A9A6148B74FD633D08F729 /* [CP] Embed Pods Frameworks */,
			);
			buildRules = (
			);
			dependencies = (
				3101755024E5211F007D3589 /* PBXTargetDependency */,
			);
			name = ZoomnotesUITests;
			productName = ZoomnotesUITests;
			productReference = 3101754E24E5211F007D3589 /* ZoomnotesUITests.xctest */;
			productType = "com.apple.product-type.bundle.ui-testing";
		};
/* End PBXNativeTarget section */

/* Begin PBXProject section */
		3101752224E5211D007D3589 /* Project object */ = {
			isa = PBXProject;
			attributes = {
				LastSwiftUpdateCheck = 1150;
				LastUpgradeCheck = 1150;
				ORGANIZATIONNAME = Berci;
				TargetAttributes = {
					3101752924E5211D007D3589 = {
						CreatedOnToolsVersion = 11.5;
					};
					3101754224E5211F007D3589 = {
						CreatedOnToolsVersion = 11.5;
						TestTargetID = 3101752924E5211D007D3589;
					};
					3101754D24E5211F007D3589 = {
						CreatedOnToolsVersion = 11.5;
						TestTargetID = 3101752924E5211D007D3589;
					};
				};
			};
			buildConfigurationList = 3101752524E5211D007D3589 /* Build configuration list for PBXProject "Zoomnotes" */;
			compatibilityVersion = "Xcode 9.3";
			developmentRegion = en;
			hasScannedForEncodings = 0;
			knownRegions = (
				en,
				Base,
			);
			mainGroup = 3101752124E5211D007D3589;
			productRefGroup = 3101752B24E5211D007D3589 /* Products */;
			projectDirPath = "";
			projectRoot = "";
			targets = (
				3101752924E5211D007D3589 /* Zoomnotes */,
				3101754224E5211F007D3589 /* ZoomnotesTests */,
				3101754D24E5211F007D3589 /* ZoomnotesUITests */,
			);
		};
/* End PBXProject section */

/* Begin PBXResourcesBuildPhase section */
		3101752824E5211D007D3589 /* Resources */ = {
			isa = PBXResourcesBuildPhase;
			buildActionMask = 2147483647;
			files = (
				3101753D24E5211E007D3589 /* LaunchScreen.storyboard in Resources */,
				3101753A24E5211E007D3589 /* Assets.xcassets in Resources */,
				3101753524E5211D007D3589 /* Main.storyboard in Resources */,
			);
			runOnlyForDeploymentPostprocessing = 0;
		};
		3101754124E5211F007D3589 /* Resources */ = {
			isa = PBXResourcesBuildPhase;
			buildActionMask = 2147483647;
			files = (
			);
			runOnlyForDeploymentPostprocessing = 0;
		};
		3101754C24E5211F007D3589 /* Resources */ = {
			isa = PBXResourcesBuildPhase;
			buildActionMask = 2147483647;
			files = (
			);
			runOnlyForDeploymentPostprocessing = 0;
		};
/* End PBXResourcesBuildPhase section */

/* Begin PBXShellScriptBuildPhase section */
		31AD9BBC250525F000C193CF /* ShellScript */ = {
			isa = PBXShellScriptBuildPhase;
			buildActionMask = 2147483647;
			files = (
			);
			inputFileListPaths = (
			);
			inputPaths = (
			);
			outputFileListPaths = (
			);
			outputPaths = (
			);
			runOnlyForDeploymentPostprocessing = 0;
			shellPath = /bin/sh;
			shellScript = "\"${PODS_ROOT}/SwiftLint/swiftlint\"\n";
			showEnvVarsInLog = 0;
		};
		71A2A4F3BAA625C4AEFCFB25 /* [CP] Check Pods Manifest.lock */ = {
			isa = PBXShellScriptBuildPhase;
			buildActionMask = 2147483647;
			files = (
			);
			inputFileListPaths = (
			);
			inputPaths = (
				"${PODS_PODFILE_DIR_PATH}/Podfile.lock",
				"${PODS_ROOT}/Manifest.lock",
			);
			name = "[CP] Check Pods Manifest.lock";
			outputFileListPaths = (
			);
			outputPaths = (
				"$(DERIVED_FILE_DIR)/Pods-Zoomnotes-ZoomnotesUITests-checkManifestLockResult.txt",
			);
			runOnlyForDeploymentPostprocessing = 0;
			shellPath = /bin/sh;
			shellScript = "diff \"${PODS_PODFILE_DIR_PATH}/Podfile.lock\" \"${PODS_ROOT}/Manifest.lock\" > /dev/null\nif [ $? != 0 ] ; then\n    # print error to STDERR\n    echo \"error: The sandbox is not in sync with the Podfile.lock. Run 'pod install' or update your CocoaPods installation.\" >&2\n    exit 1\nfi\n# This output is used by Xcode 'outputs' to avoid re-running this script phase.\necho \"SUCCESS\" > \"${SCRIPT_OUTPUT_FILE_0}\"\n";
			showEnvVarsInLog = 0;
		};
		9D401D5CD8BC239DF3A656BD /* [CP] Check Pods Manifest.lock */ = {
			isa = PBXShellScriptBuildPhase;
			buildActionMask = 2147483647;
			files = (
			);
			inputFileListPaths = (
			);
			inputPaths = (
				"${PODS_PODFILE_DIR_PATH}/Podfile.lock",
				"${PODS_ROOT}/Manifest.lock",
			);
			name = "[CP] Check Pods Manifest.lock";
			outputFileListPaths = (
			);
			outputPaths = (
				"$(DERIVED_FILE_DIR)/Pods-ZoomnotesTests-checkManifestLockResult.txt",
			);
			runOnlyForDeploymentPostprocessing = 0;
			shellPath = /bin/sh;
			shellScript = "diff \"${PODS_PODFILE_DIR_PATH}/Podfile.lock\" \"${PODS_ROOT}/Manifest.lock\" > /dev/null\nif [ $? != 0 ] ; then\n    # print error to STDERR\n    echo \"error: The sandbox is not in sync with the Podfile.lock. Run 'pod install' or update your CocoaPods installation.\" >&2\n    exit 1\nfi\n# This output is used by Xcode 'outputs' to avoid re-running this script phase.\necho \"SUCCESS\" > \"${SCRIPT_OUTPUT_FILE_0}\"\n";
			showEnvVarsInLog = 0;
		};
		C2BD0266E8DD74C052E04733 /* [CP] Embed Pods Frameworks */ = {
			isa = PBXShellScriptBuildPhase;
			buildActionMask = 2147483647;
			files = (
			);
			inputFileListPaths = (
				"${PODS_ROOT}/Target Support Files/Pods-Zoomnotes/Pods-Zoomnotes-frameworks-${CONFIGURATION}-input-files.xcfilelist",
			);
			name = "[CP] Embed Pods Frameworks";
			outputFileListPaths = (
				"${PODS_ROOT}/Target Support Files/Pods-Zoomnotes/Pods-Zoomnotes-frameworks-${CONFIGURATION}-output-files.xcfilelist",
			);
			runOnlyForDeploymentPostprocessing = 0;
			shellPath = /bin/sh;
			shellScript = "\"${PODS_ROOT}/Target Support Files/Pods-Zoomnotes/Pods-Zoomnotes-frameworks.sh\"\n";
			showEnvVarsInLog = 0;
		};
		E0A9A6148B74FD633D08F729 /* [CP] Embed Pods Frameworks */ = {
			isa = PBXShellScriptBuildPhase;
			buildActionMask = 2147483647;
			files = (
			);
			inputFileListPaths = (
				"${PODS_ROOT}/Target Support Files/Pods-Zoomnotes-ZoomnotesUITests/Pods-Zoomnotes-ZoomnotesUITests-frameworks-${CONFIGURATION}-input-files.xcfilelist",
			);
			name = "[CP] Embed Pods Frameworks";
			outputFileListPaths = (
				"${PODS_ROOT}/Target Support Files/Pods-Zoomnotes-ZoomnotesUITests/Pods-Zoomnotes-ZoomnotesUITests-frameworks-${CONFIGURATION}-output-files.xcfilelist",
			);
			runOnlyForDeploymentPostprocessing = 0;
			shellPath = /bin/sh;
			shellScript = "\"${PODS_ROOT}/Target Support Files/Pods-Zoomnotes-ZoomnotesUITests/Pods-Zoomnotes-ZoomnotesUITests-frameworks.sh\"\n";
			showEnvVarsInLog = 0;
		};
		FA55D72B0D0050F893EA56B8 /* [CP] Check Pods Manifest.lock */ = {
			isa = PBXShellScriptBuildPhase;
			buildActionMask = 2147483647;
			files = (
			);
			inputFileListPaths = (
			);
			inputPaths = (
				"${PODS_PODFILE_DIR_PATH}/Podfile.lock",
				"${PODS_ROOT}/Manifest.lock",
			);
			name = "[CP] Check Pods Manifest.lock";
			outputFileListPaths = (
			);
			outputPaths = (
				"$(DERIVED_FILE_DIR)/Pods-Zoomnotes-checkManifestLockResult.txt",
			);
			runOnlyForDeploymentPostprocessing = 0;
			shellPath = /bin/sh;
			shellScript = "diff \"${PODS_PODFILE_DIR_PATH}/Podfile.lock\" \"${PODS_ROOT}/Manifest.lock\" > /dev/null\nif [ $? != 0 ] ; then\n    # print error to STDERR\n    echo \"error: The sandbox is not in sync with the Podfile.lock. Run 'pod install' or update your CocoaPods installation.\" >&2\n    exit 1\nfi\n# This output is used by Xcode 'outputs' to avoid re-running this script phase.\necho \"SUCCESS\" > \"${SCRIPT_OUTPUT_FILE_0}\"\n";
			showEnvVarsInLog = 0;
		};
/* End PBXShellScriptBuildPhase section */

/* Begin PBXSourcesBuildPhase section */
		3101752624E5211D007D3589 /* Sources */ = {
			isa = PBXSourcesBuildPhase;
			buildActionMask = 2147483647;
			files = (
				312820D624F826EF00338E28 /* DrawerView.swift in Sources */,
				31074D7A251E2BA400F8A11D /* DirectoryAccessMock.swift in Sources */,
				31074D70251E144B00F8A11D /* StoreBuilder.swift in Sources */,
				31CD520D251CF7B700561D27 /* DocumentStoreDescription+stub.swift in Sources */,
				31AD9BC32506A59D00C193CF /* CGRect+half.swift in Sources */,
				3101756A24E531D1007D3589 /* NoteViewController.swift in Sources */,
				313B6CEC25155B0300789595 /* NodeDetailEditor.swift in Sources */,
				310A5C6F24F411F1006394A0 /* UIImage.swift in Sources */,
				31AD9BE325094CB900C193CF /* FileBrowserVM+dragdrop.swift in Sources */,
				313BFDE8251E638100EBF70F /* NoteLevelDescription.swift in Sources */,
				312820CD24F6963B00338E28 /* CGRect+center.swift in Sources */,
				31AD9BC52507700900C193CF /* NoteViewController+commands.swift in Sources */,
				31AD9BE525094D9C00C193CF /* AlertController+closure.swift in Sources */,
				3101753824E5211D007D3589 /* Zoomnotes.xcdatamodeld in Sources */,
				31074D6E251D1B4A00F8A11D /* FileBrowserViewModel+Node.swift in Sources */,
				31AD9BC72507759400C193CF /* NoteViewController+utils.swift in Sources */,
				31362A5724F832050002FD98 /* NoteViewController+UINavigationControllerDelegate.swift in Sources */,
				31AD9BDC25093EA600C193CF /* DocumentNodeCell.swift in Sources */,
				31B1B1D1251E591800DEEE68 /* DirectoryVM.swift in Sources */,
				31AD9BC12506849400C193CF /* NoteViewController+Preferences.swift in Sources */,
				31D6648D24EC53890062AF8D /* CodableImage.swift in Sources */,
				31B1AA3424FD1C05007DAF4D /* NoteViewController+fromStoryBoard.swift in Sources */,
				312820CF24F69A2700338E28 /* Graphics.swift in Sources */,
				31AD9BCF2507937300C193CF /* ZNStatefulGestureManager.swift in Sources */,
				31AD9BE12509499100C193CF /* DirectoryAccessImpl.swift in Sources */,
				3101756524E52FED007D3589 /* ZoomNotesNavigationController.swift in Sources */,
				312820CB24F6926B00338E28 /* ZNPinchGestureRecognizer.swift in Sources */,
				313BFDE6251E601500EBF70F /* NoteLevelAccessMock.swift in Sources */,
				313B6CEE2515629100789595 /* OkayableTextfield.swift in Sources */,
				31074D72251E293F00F8A11D /* FileBrowserViewModel+stub.swift in Sources */,
				312B3A082523C97D0020E1CF /* DirectoryAccess.swift in Sources */,
				313414C62517F32D005B49D1 /* FileBrowserCommandable.swift in Sources */,
				310F03D32510DF1D000CF0F0 /* ManagedContext+inMemory.swift in Sources */,
				310A5C6D24F40A44006394A0 /* ZNPanGestureRecognizer.swift in Sources */,
				31D6648F24ED1D470062AF8D /* NoteLevelPreview.swift in Sources */,
				313BFDF42520BC5500EBF70F /* NoteLevelAccess.swift in Sources */,
				31362A5B24F83F410002FD98 /* ZNSwipeGesturerecognizer.swift in Sources */,
				31AD9BD52507B3BB00C193CF /* Catapult.swift in Sources */,
				313414C42517F2E2005B49D1 /* NoteEditorCommandable.swift in Sources */,
				31AD9BDE25093EA600C193CF /* DocumentCollectionViewController.swift in Sources */,
				31BA8F7F2523D54D0016B78C /* DirectoryStoreLookupResult.swift in Sources */,
				313BFDF0251FA66200EBF70F /* NoteEditorViewModel+stub.swift in Sources */,
				3169CE0F24F58A4300CF15C7 /* ZNTapGestureRecognizer.swift in Sources */,
				31CD520F251CF80600561D27 /* DocumentStoreDescription.swift in Sources */,
				313B6CE62511612B00789595 /* XCTestCase+asynch.swift in Sources */,
				31AD9BD72507CA9700C193CF /* FileBrowserViewModel.swift in Sources */,
				31CD5213251D118E00561D27 /* DirectoryStoreDescription+stub.swift in Sources */,
				31BF9E2C24E5906100142EBF /* NoteLevelVM.swift in Sources */,
				31B1AA3824FD5DC7007DAF4D /* UserDefaults+ext.swift in Sources */,
				3101752E24E5211D007D3589 /* AppDelegate.swift in Sources */,
				3101753024E5211D007D3589 /* SceneDelegate.swift in Sources */,
				31BA8F812523D7030016B78C /* NoteLevelAccessImpl+stub.swift in Sources */,
				31AD9BD1250793A300C193CF /* ZNScreenEdgePanGesture.swift in Sources */,
				3121A83425160E7A00D8AD37 /* NoteLevelAccessImpl.swift in Sources */,
				312820D224F6B76200338E28 /* ZoomTransitionAnimator.swift in Sources */,
				313BFDEC251E6CD200EBF70F /* NoteLevelDescription+stub.swift in Sources */,
				31CD5211251CF8D400561D27 /* DirectoryStoreDescription.swift in Sources */,
				31AD9BBF25052EB200C193CF /* NoteEditorViewModel.swift in Sources */,
				313BFDF62520E4F100EBF70F /* DirectoryAccess+stub.swift in Sources */,
				3121A8312516007D00D8AD37 /* String+empty.swift in Sources */,
				31B1B1CF251E58F100DEEE68 /* FileVM.swift in Sources */,
				31B1AA3624FD3AE4007DAF4D /* SettingsView.swift in Sources */,
			);
			runOnlyForDeploymentPostprocessing = 0;
		};
		3101753F24E5211F007D3589 /* Sources */ = {
			isa = PBXSourcesBuildPhase;
			buildActionMask = 2147483647;
			files = (
				3142FE86250B59AF00002DD8 /* NoteEditorTests.swift in Sources */,
				310F03B72510095B000CF0F0 /* FileBrowserDBReadingTests.swift in Sources */,
				310F03B9251009A6000CF0F0 /* FileBrowserDBAccessTests.swift in Sources */,
				3121A83625168D7A00D8AD37 /* NoteModelDBAccessTests.swift in Sources */,
				313BFDEE251FA40F00EBF70F /* NoteEditorVMNoteModelDBAccessIntegration.swift in Sources */,
				313B6CE42511125B00789595 /* FileBrowserBoundaryTests.swift in Sources */,
				3101754824E5211F007D3589 /* ZoomnotesTests.swift in Sources */,
			);
			runOnlyForDeploymentPostprocessing = 0;
		};
		3101754A24E5211F007D3589 /* Sources */ = {
			isa = PBXSourcesBuildPhase;
			buildActionMask = 2147483647;
			files = (
				3101755324E5211F007D3589 /* ZoomnotesUITests.swift in Sources */,
				3142FE83250A81D800002DD8 /* ExtensionsTests.swift in Sources */,
			);
			runOnlyForDeploymentPostprocessing = 0;
		};
/* End PBXSourcesBuildPhase section */

/* Begin PBXTargetDependency section */
		3101754524E5211F007D3589 /* PBXTargetDependency */ = {
			isa = PBXTargetDependency;
			target = 3101752924E5211D007D3589 /* Zoomnotes */;
			targetProxy = 3101754424E5211F007D3589 /* PBXContainerItemProxy */;
		};
		3101755024E5211F007D3589 /* PBXTargetDependency */ = {
			isa = PBXTargetDependency;
			target = 3101752924E5211D007D3589 /* Zoomnotes */;
			targetProxy = 3101754F24E5211F007D3589 /* PBXContainerItemProxy */;
		};
/* End PBXTargetDependency section */

/* Begin PBXVariantGroup section */
		3101753324E5211D007D3589 /* Main.storyboard */ = {
			isa = PBXVariantGroup;
			children = (
				3101753424E5211D007D3589 /* Base */,
			);
			name = Main.storyboard;
			sourceTree = "<group>";
		};
		3101753B24E5211E007D3589 /* LaunchScreen.storyboard */ = {
			isa = PBXVariantGroup;
			children = (
				3101753C24E5211E007D3589 /* Base */,
			);
			name = LaunchScreen.storyboard;
			sourceTree = "<group>";
		};
/* End PBXVariantGroup section */

/* Begin XCBuildConfiguration section */
		3101755524E5211F007D3589 /* Debug */ = {
			isa = XCBuildConfiguration;
			buildSettings = {
				ALWAYS_SEARCH_USER_PATHS = NO;
				CLANG_ANALYZER_NONNULL = YES;
				CLANG_ANALYZER_NUMBER_OBJECT_CONVERSION = YES_AGGRESSIVE;
				CLANG_CXX_LANGUAGE_STANDARD = "gnu++14";
				CLANG_CXX_LIBRARY = "libc++";
				CLANG_ENABLE_MODULES = YES;
				CLANG_ENABLE_OBJC_ARC = YES;
				CLANG_ENABLE_OBJC_WEAK = YES;
				CLANG_WARN_BLOCK_CAPTURE_AUTORELEASING = YES;
				CLANG_WARN_BOOL_CONVERSION = YES;
				CLANG_WARN_COMMA = YES;
				CLANG_WARN_CONSTANT_CONVERSION = YES;
				CLANG_WARN_DEPRECATED_OBJC_IMPLEMENTATIONS = YES;
				CLANG_WARN_DIRECT_OBJC_ISA_USAGE = YES_ERROR;
				CLANG_WARN_DOCUMENTATION_COMMENTS = YES;
				CLANG_WARN_EMPTY_BODY = YES;
				CLANG_WARN_ENUM_CONVERSION = YES;
				CLANG_WARN_INFINITE_RECURSION = YES;
				CLANG_WARN_INT_CONVERSION = YES;
				CLANG_WARN_NON_LITERAL_NULL_CONVERSION = YES;
				CLANG_WARN_OBJC_IMPLICIT_RETAIN_SELF = YES;
				CLANG_WARN_OBJC_LITERAL_CONVERSION = YES;
				CLANG_WARN_OBJC_ROOT_CLASS = YES_ERROR;
				CLANG_WARN_RANGE_LOOP_ANALYSIS = YES;
				CLANG_WARN_STRICT_PROTOTYPES = YES;
				CLANG_WARN_SUSPICIOUS_MOVE = YES;
				CLANG_WARN_UNGUARDED_AVAILABILITY = YES_AGGRESSIVE;
				CLANG_WARN_UNREACHABLE_CODE = YES;
				CLANG_WARN__DUPLICATE_METHOD_MATCH = YES;
				COPY_PHASE_STRIP = NO;
				DEBUG_INFORMATION_FORMAT = dwarf;
				ENABLE_STRICT_OBJC_MSGSEND = YES;
				ENABLE_TESTABILITY = YES;
				GCC_C_LANGUAGE_STANDARD = gnu11;
				GCC_DYNAMIC_NO_PIC = NO;
				GCC_NO_COMMON_BLOCKS = YES;
				GCC_OPTIMIZATION_LEVEL = 0;
				GCC_PREPROCESSOR_DEFINITIONS = (
					"DEBUG=1",
					"$(inherited)",
				);
				GCC_WARN_64_TO_32_BIT_CONVERSION = YES;
				GCC_WARN_ABOUT_RETURN_TYPE = YES_ERROR;
				GCC_WARN_UNDECLARED_SELECTOR = YES;
				GCC_WARN_UNINITIALIZED_AUTOS = YES_AGGRESSIVE;
				GCC_WARN_UNUSED_FUNCTION = YES;
				GCC_WARN_UNUSED_VARIABLE = YES;
				IPHONEOS_DEPLOYMENT_TARGET = 13.5;
				MOMC_NO_INVERSE_RELATIONSHIP_WARNINGS = YES;
				MTL_ENABLE_DEBUG_INFO = INCLUDE_SOURCE;
				MTL_FAST_MATH = YES;
				ONLY_ACTIVE_ARCH = YES;
				SDKROOT = iphoneos;
				SWIFT_ACTIVE_COMPILATION_CONDITIONS = DEBUG;
				SWIFT_OPTIMIZATION_LEVEL = "-Onone";
			};
			name = Debug;
		};
		3101755624E5211F007D3589 /* Release */ = {
			isa = XCBuildConfiguration;
			buildSettings = {
				ALWAYS_SEARCH_USER_PATHS = NO;
				CLANG_ANALYZER_NONNULL = YES;
				CLANG_ANALYZER_NUMBER_OBJECT_CONVERSION = YES_AGGRESSIVE;
				CLANG_CXX_LANGUAGE_STANDARD = "gnu++14";
				CLANG_CXX_LIBRARY = "libc++";
				CLANG_ENABLE_MODULES = YES;
				CLANG_ENABLE_OBJC_ARC = YES;
				CLANG_ENABLE_OBJC_WEAK = YES;
				CLANG_WARN_BLOCK_CAPTURE_AUTORELEASING = YES;
				CLANG_WARN_BOOL_CONVERSION = YES;
				CLANG_WARN_COMMA = YES;
				CLANG_WARN_CONSTANT_CONVERSION = YES;
				CLANG_WARN_DEPRECATED_OBJC_IMPLEMENTATIONS = YES;
				CLANG_WARN_DIRECT_OBJC_ISA_USAGE = YES_ERROR;
				CLANG_WARN_DOCUMENTATION_COMMENTS = YES;
				CLANG_WARN_EMPTY_BODY = YES;
				CLANG_WARN_ENUM_CONVERSION = YES;
				CLANG_WARN_INFINITE_RECURSION = YES;
				CLANG_WARN_INT_CONVERSION = YES;
				CLANG_WARN_NON_LITERAL_NULL_CONVERSION = YES;
				CLANG_WARN_OBJC_IMPLICIT_RETAIN_SELF = YES;
				CLANG_WARN_OBJC_LITERAL_CONVERSION = YES;
				CLANG_WARN_OBJC_ROOT_CLASS = YES_ERROR;
				CLANG_WARN_RANGE_LOOP_ANALYSIS = YES;
				CLANG_WARN_STRICT_PROTOTYPES = YES;
				CLANG_WARN_SUSPICIOUS_MOVE = YES;
				CLANG_WARN_UNGUARDED_AVAILABILITY = YES_AGGRESSIVE;
				CLANG_WARN_UNREACHABLE_CODE = YES;
				CLANG_WARN__DUPLICATE_METHOD_MATCH = YES;
				COPY_PHASE_STRIP = NO;
				DEBUG_INFORMATION_FORMAT = "dwarf-with-dsym";
				ENABLE_NS_ASSERTIONS = NO;
				ENABLE_STRICT_OBJC_MSGSEND = YES;
				GCC_C_LANGUAGE_STANDARD = gnu11;
				GCC_NO_COMMON_BLOCKS = YES;
				GCC_WARN_64_TO_32_BIT_CONVERSION = YES;
				GCC_WARN_ABOUT_RETURN_TYPE = YES_ERROR;
				GCC_WARN_UNDECLARED_SELECTOR = YES;
				GCC_WARN_UNINITIALIZED_AUTOS = YES_AGGRESSIVE;
				GCC_WARN_UNUSED_FUNCTION = YES;
				GCC_WARN_UNUSED_VARIABLE = YES;
				IPHONEOS_DEPLOYMENT_TARGET = 13.5;
				MOMC_NO_INVERSE_RELATIONSHIP_WARNINGS = YES;
				MTL_ENABLE_DEBUG_INFO = NO;
				MTL_FAST_MATH = YES;
				SDKROOT = iphoneos;
				SWIFT_COMPILATION_MODE = wholemodule;
				SWIFT_OPTIMIZATION_LEVEL = "-O";
				VALIDATE_PRODUCT = YES;
			};
			name = Release;
		};
		3101755824E5211F007D3589 /* Debug */ = {
			isa = XCBuildConfiguration;
			baseConfigurationReference = CA92CA7F8E2021BBDBFB0BA2 /* Pods-Zoomnotes.debug.xcconfig */;
			buildSettings = {
				ASSETCATALOG_COMPILER_APPICON_NAME = AppIcon;
				CODE_SIGN_STYLE = Automatic;
				DEVELOPMENT_TEAM = P582S266YB;
				INFOPLIST_FILE = Zoomnotes/Info.plist;
				IPHONEOS_DEPLOYMENT_TARGET = 13.0;
				LD_RUNPATH_SEARCH_PATHS = (
					"$(inherited)",
					"@executable_path/Frameworks",
				);
				PRODUCT_BUNDLE_IDENTIFIER = bercis.ideas.Zoomnotes;
				PRODUCT_NAME = "$(TARGET_NAME)";
				SWIFT_VERSION = 5.0;
				TARGETED_DEVICE_FAMILY = 2;
			};
			name = Debug;
		};
		3101755924E5211F007D3589 /* Release */ = {
			isa = XCBuildConfiguration;
			baseConfigurationReference = 5F49899A865EFBBE65BAF712 /* Pods-Zoomnotes.release.xcconfig */;
			buildSettings = {
				ASSETCATALOG_COMPILER_APPICON_NAME = AppIcon;
				CODE_SIGN_STYLE = Automatic;
				DEVELOPMENT_TEAM = P582S266YB;
				INFOPLIST_FILE = Zoomnotes/Info.plist;
				IPHONEOS_DEPLOYMENT_TARGET = 13.0;
				LD_RUNPATH_SEARCH_PATHS = (
					"$(inherited)",
					"@executable_path/Frameworks",
				);
				PRODUCT_BUNDLE_IDENTIFIER = bercis.ideas.Zoomnotes;
				PRODUCT_NAME = "$(TARGET_NAME)";
				SWIFT_VERSION = 5.0;
				TARGETED_DEVICE_FAMILY = 2;
			};
			name = Release;
		};
		3101755B24E5211F007D3589 /* Debug */ = {
			isa = XCBuildConfiguration;
			baseConfigurationReference = 57DB1DBA447531A7C1E4CCD4 /* Pods-ZoomnotesTests.debug.xcconfig */;
			buildSettings = {
				ALWAYS_EMBED_SWIFT_STANDARD_LIBRARIES = YES;
				BUNDLE_LOADER = "$(TEST_HOST)";
				CODE_SIGN_STYLE = Automatic;
				DEVELOPMENT_TEAM = P582S266YB;
				INFOPLIST_FILE = ZoomnotesTests/Info.plist;
				IPHONEOS_DEPLOYMENT_TARGET = 13.5;
				LD_RUNPATH_SEARCH_PATHS = (
					"$(inherited)",
					"@executable_path/Frameworks",
					"@loader_path/Frameworks",
				);
				PRODUCT_BUNDLE_IDENTIFIER = bercis.ideas.ZoomnotesTests;
				PRODUCT_NAME = "$(TARGET_NAME)";
				SWIFT_VERSION = 5.0;
				TARGETED_DEVICE_FAMILY = "1,2";
				TEST_HOST = "$(BUILT_PRODUCTS_DIR)/Zoomnotes.app/Zoomnotes";
			};
			name = Debug;
		};
		3101755C24E5211F007D3589 /* Release */ = {
			isa = XCBuildConfiguration;
			baseConfigurationReference = 485C114CAEE2DCFC02846656 /* Pods-ZoomnotesTests.release.xcconfig */;
			buildSettings = {
				ALWAYS_EMBED_SWIFT_STANDARD_LIBRARIES = YES;
				BUNDLE_LOADER = "$(TEST_HOST)";
				CODE_SIGN_STYLE = Automatic;
				DEVELOPMENT_TEAM = P582S266YB;
				INFOPLIST_FILE = ZoomnotesTests/Info.plist;
				IPHONEOS_DEPLOYMENT_TARGET = 13.5;
				LD_RUNPATH_SEARCH_PATHS = (
					"$(inherited)",
					"@executable_path/Frameworks",
					"@loader_path/Frameworks",
				);
				PRODUCT_BUNDLE_IDENTIFIER = bercis.ideas.ZoomnotesTests;
				PRODUCT_NAME = "$(TARGET_NAME)";
				SWIFT_VERSION = 5.0;
				TARGETED_DEVICE_FAMILY = "1,2";
				TEST_HOST = "$(BUILT_PRODUCTS_DIR)/Zoomnotes.app/Zoomnotes";
			};
			name = Release;
		};
		3101755E24E5211F007D3589 /* Debug */ = {
			isa = XCBuildConfiguration;
			baseConfigurationReference = 4E0ECA886B165C66AEA4C374 /* Pods-Zoomnotes-ZoomnotesUITests.debug.xcconfig */;
			buildSettings = {
				ALWAYS_EMBED_SWIFT_STANDARD_LIBRARIES = YES;
				CODE_SIGN_STYLE = Automatic;
				DEVELOPMENT_TEAM = P582S266YB;
				INFOPLIST_FILE = ZoomnotesUITests/Info.plist;
				LD_RUNPATH_SEARCH_PATHS = (
					"$(inherited)",
					"@executable_path/Frameworks",
					"@loader_path/Frameworks",
				);
				PRODUCT_BUNDLE_IDENTIFIER = bercis.ideas.ZoomnotesUITests;
				PRODUCT_NAME = "$(TARGET_NAME)";
				SWIFT_VERSION = 5.0;
				TARGETED_DEVICE_FAMILY = "1,2";
				TEST_TARGET_NAME = Zoomnotes;
			};
			name = Debug;
		};
		3101755F24E5211F007D3589 /* Release */ = {
			isa = XCBuildConfiguration;
			baseConfigurationReference = BC2B55DB6B95923E7DD8CCD4 /* Pods-Zoomnotes-ZoomnotesUITests.release.xcconfig */;
			buildSettings = {
				ALWAYS_EMBED_SWIFT_STANDARD_LIBRARIES = YES;
				CODE_SIGN_STYLE = Automatic;
				DEVELOPMENT_TEAM = P582S266YB;
				INFOPLIST_FILE = ZoomnotesUITests/Info.plist;
				LD_RUNPATH_SEARCH_PATHS = (
					"$(inherited)",
					"@executable_path/Frameworks",
					"@loader_path/Frameworks",
				);
				PRODUCT_BUNDLE_IDENTIFIER = bercis.ideas.ZoomnotesUITests;
				PRODUCT_NAME = "$(TARGET_NAME)";
				SWIFT_VERSION = 5.0;
				TARGETED_DEVICE_FAMILY = "1,2";
				TEST_TARGET_NAME = Zoomnotes;
			};
			name = Release;
		};
/* End XCBuildConfiguration section */

/* Begin XCConfigurationList section */
		3101752524E5211D007D3589 /* Build configuration list for PBXProject "Zoomnotes" */ = {
			isa = XCConfigurationList;
			buildConfigurations = (
				3101755524E5211F007D3589 /* Debug */,
				3101755624E5211F007D3589 /* Release */,
			);
			defaultConfigurationIsVisible = 0;
			defaultConfigurationName = Release;
		};
		3101755724E5211F007D3589 /* Build configuration list for PBXNativeTarget "Zoomnotes" */ = {
			isa = XCConfigurationList;
			buildConfigurations = (
				3101755824E5211F007D3589 /* Debug */,
				3101755924E5211F007D3589 /* Release */,
			);
			defaultConfigurationIsVisible = 0;
			defaultConfigurationName = Release;
		};
		3101755A24E5211F007D3589 /* Build configuration list for PBXNativeTarget "ZoomnotesTests" */ = {
			isa = XCConfigurationList;
			buildConfigurations = (
				3101755B24E5211F007D3589 /* Debug */,
				3101755C24E5211F007D3589 /* Release */,
			);
			defaultConfigurationIsVisible = 0;
			defaultConfigurationName = Release;
		};
		3101755D24E5211F007D3589 /* Build configuration list for PBXNativeTarget "ZoomnotesUITests" */ = {
			isa = XCConfigurationList;
			buildConfigurations = (
				3101755E24E5211F007D3589 /* Debug */,
				3101755F24E5211F007D3589 /* Release */,
			);
			defaultConfigurationIsVisible = 0;
			defaultConfigurationName = Release;
		};
/* End XCConfigurationList section */

/* Begin XCVersionGroup section */
		3101753624E5211D007D3589 /* Zoomnotes.xcdatamodeld */ = {
			isa = XCVersionGroup;
			children = (
				3101753724E5211D007D3589 /* Zoomnotes.xcdatamodel */,
			);
			currentVersion = 3101753724E5211D007D3589 /* Zoomnotes.xcdatamodel */;
			path = Zoomnotes.xcdatamodeld;
			sourceTree = "<group>";
			versionGroupType = wrapper.xcdatamodel;
		};
/* End XCVersionGroup section */
	};
	rootObject = 3101752224E5211D007D3589 /* Project object */;
}
